// !$*UTF8*$!
{
	archiveVersion = 1;
	classes = {
	};
	objectVersion = 56;
	objects = {

/* Begin PBXBuildFile section */
		350BE5B929ABDD5B00A40F17 /* Binding+OptionalInit.swift in Sources */ = {isa = PBXBuildFile; fileRef = 350BE5B829ABDD5B00A40F17 /* Binding+OptionalInit.swift */; };
		350BE5BF29ABF4E700A40F17 /* BaseContactProfileView.swift in Sources */ = {isa = PBXBuildFile; fileRef = 350BE5BE29ABF4E700A40F17 /* BaseContactProfileView.swift */; };
		350BE5C229ABF73D00A40F17 /* CreateNewContactView.swift in Sources */ = {isa = PBXBuildFile; fileRef = 350BE5C129ABF73D00A40F17 /* CreateNewContactView.swift */; };
		350BE5C429ABF77500A40F17 /* CreateNewContactViewModel.swift in Sources */ = {isa = PBXBuildFile; fileRef = 350BE5C329ABF77500A40F17 /* CreateNewContactViewModel.swift */; };
		35104EC929B420BE00E40E1E /* ImagePickerRepresentable.swift in Sources */ = {isa = PBXBuildFile; fileRef = 35104EC829B420BE00E40E1E /* ImagePickerRepresentable.swift */; };
		352114F329A8DA4D00559988 /* RootCoordinator.swift in Sources */ = {isa = PBXBuildFile; fileRef = 352114F229A8DA4D00559988 /* RootCoordinator.swift */; };
		352114FC29A8EC4900559988 /* MainScreenCoordinator.swift in Sources */ = {isa = PBXBuildFile; fileRef = 352114FB29A8EC4900559988 /* MainScreenCoordinator.swift */; };
		352114FF29A8F2F500559988 /* ContactsListCoordinator.swift in Sources */ = {isa = PBXBuildFile; fileRef = 352114FE29A8F2F500559988 /* ContactsListCoordinator.swift */; };
		3521150129A8F76F00559988 /* ContactsListView.swift in Sources */ = {isa = PBXBuildFile; fileRef = 3521150029A8F76F00559988 /* ContactsListView.swift */; };
		3521150A29A8FF5A00559988 /* ContactProfileView.swift in Sources */ = {isa = PBXBuildFile; fileRef = 3521150929A8FF5A00559988 /* ContactProfileView.swift */; };
		3521150D29A9099A00559988 /* ContactsListScreenViewModel.swift in Sources */ = {isa = PBXBuildFile; fileRef = 3521150C29A9099A00559988 /* ContactsListScreenViewModel.swift */; };
		3521151029A90EA200559988 /* ContactProfileViewModel.swift in Sources */ = {isa = PBXBuildFile; fileRef = 3521150F29A90EA200559988 /* ContactProfileViewModel.swift */; };
		3521151229A920CD00559988 /* String+trimmed.swift in Sources */ = {isa = PBXBuildFile; fileRef = 3521151129A920CD00559988 /* String+trimmed.swift */; };
		3525B2EE29FF2CB7001D83CF /* LocalNotificationsManager.swift in Sources */ = {isa = PBXBuildFile; fileRef = 3525B2ED29FF2CB7001D83CF /* LocalNotificationsManager.swift */; };
		3525B2F72A0048F3001D83CF /* ContactNotificationsManager.swift in Sources */ = {isa = PBXBuildFile; fileRef = 3525B2F62A0048F3001D83CF /* ContactNotificationsManager.swift */; };
		3525B2FB2A004FB6001D83CF /* LocalNotificationForBirthday.swift in Sources */ = {isa = PBXBuildFile; fileRef = 3525B2FA2A004FB6001D83CF /* LocalNotificationForBirthday.swift */; };
		352E3FED29DB4C6500E385A3 /* MainScreenViewModel.swift in Sources */ = {isa = PBXBuildFile; fileRef = 352E3FEC29DB4C6500E385A3 /* MainScreenViewModel.swift */; };
		352E3FEF29DB5AE000E385A3 /* MainScreenPeopleSection.swift in Sources */ = {isa = PBXBuildFile; fileRef = 352E3FEE29DB5AE000E385A3 /* MainScreenPeopleSection.swift */; };
		3533AFF529AA470800BA2F5F /* AppAlertManager.swift in Sources */ = {isa = PBXBuildFile; fileRef = 3533AFF429AA470800BA2F5F /* AppAlertManager.swift */; };
		3533AFF729AA692B00BA2F5F /* FormPhotoPickerView.swift in Sources */ = {isa = PBXBuildFile; fileRef = 3533AFF629AA692B00BA2F5F /* FormPhotoPickerView.swift */; };
		3533AFFB29AA6DE800BA2F5F /* ContactsListViewModel.swift in Sources */ = {isa = PBXBuildFile; fileRef = 3533AFFA29AA6DE800BA2F5F /* ContactsListViewModel.swift */; };
		3538282929F1B1F3003F19D9 /* SettingsTabCoordinator.swift in Sources */ = {isa = PBXBuildFile; fileRef = 3538282829F1B1F3003F19D9 /* SettingsTabCoordinator.swift */; };
		3538282C29F1B2F3003F19D9 /* SettingsView.swift in Sources */ = {isa = PBXBuildFile; fileRef = 3538282B29F1B2F3003F19D9 /* SettingsView.swift */; };
		353A732929FDE0870074A409 /* Debouncer.swift in Sources */ = {isa = PBXBuildFile; fileRef = 353A732829FDE0870074A409 /* Debouncer.swift */; };
		3540DEAD29B5124200154770 /* View+hideKeyboard.swift in Sources */ = {isa = PBXBuildFile; fileRef = 3540DEAC29B5124200154770 /* View+hideKeyboard.swift */; };
		3540DEAF29B51BE000154770 /* String+randomString.swift in Sources */ = {isa = PBXBuildFile; fileRef = 3540DEAE29B51BE000154770 /* String+randomString.swift */; };
		3542517B29A78D1F005174DA /* BaseUINavigationController.swift in Sources */ = {isa = PBXBuildFile; fileRef = 3542517A29A78D1F005174DA /* BaseUINavigationController.swift */; };
		354E42EB29A7A5E100A99389 /* UINavigationController+navigate.swift in Sources */ = {isa = PBXBuildFile; fileRef = 354E42EA29A7A5E100A99389 /* UINavigationController+navigate.swift */; };
		354E42ED29A7A66F00A99389 /* NavigationSteps.swift in Sources */ = {isa = PBXBuildFile; fileRef = 354E42EC29A7A66F00A99389 /* NavigationSteps.swift */; };
		354E8B9729BE061F009BFB6D /* ValidatedValue.swift in Sources */ = {isa = PBXBuildFile; fileRef = 354E8B9629BE061F009BFB6D /* ValidatedValue.swift */; };
		354E8B9B29BE2139009BFB6D /* View+if.swift in Sources */ = {isa = PBXBuildFile; fileRef = 354E8B9A29BE2139009BFB6D /* View+if.swift */; };
		354E8B9D29BE6713009BFB6D /* Date+randomDate.swift in Sources */ = {isa = PBXBuildFile; fileRef = 354E8B9C29BE6713009BFB6D /* Date+randomDate.swift */; };
		354E8BA529BE6B82009BFB6D /* DateTests.swift in Sources */ = {isa = PBXBuildFile; fileRef = 354E8BA429BE6B82009BFB6D /* DateTests.swift */; };
		3551F19E299028AE00EBA6A3 /* AppDelegate.swift in Sources */ = {isa = PBXBuildFile; fileRef = 3551F19D299028AE00EBA6A3 /* AppDelegate.swift */; };
		3551F1A0299028AE00EBA6A3 /* SceneDelegate.swift in Sources */ = {isa = PBXBuildFile; fileRef = 3551F19F299028AE00EBA6A3 /* SceneDelegate.swift */; };
		3551F1A2299028AE00EBA6A3 /* MainScreenView.swift in Sources */ = {isa = PBXBuildFile; fileRef = 3551F1A1299028AE00EBA6A3 /* MainScreenView.swift */; };
		3551F1A8299028AE00EBA6A3 /* NeverForgetModels.xcdatamodeld in Sources */ = {isa = PBXBuildFile; fileRef = 3551F1A6299028AE00EBA6A3 /* NeverForgetModels.xcdatamodeld */; };
		3551F1AD299028AF00EBA6A3 /* LaunchScreen.storyboard in Resources */ = {isa = PBXBuildFile; fileRef = 3551F1AB299028AF00EBA6A3 /* LaunchScreen.storyboard */; };
		355E27422999886F0038F8BA /* PersistentContainerController.swift in Sources */ = {isa = PBXBuildFile; fileRef = 355E27412999886F0038F8BA /* PersistentContainerController.swift */; };
		355E277429A261560038F8BA /* Person+CoreDataClass.swift in Sources */ = {isa = PBXBuildFile; fileRef = 355E277229A261550038F8BA /* Person+CoreDataClass.swift */; };
		355E277529A261560038F8BA /* Person+CoreDataProperties.swift in Sources */ = {isa = PBXBuildFile; fileRef = 355E277329A261550038F8BA /* Person+CoreDataProperties.swift */; };
		355E277E29A28FFF0038F8BA /* ContactsListScreenView.swift in Sources */ = {isa = PBXBuildFile; fileRef = 355E277D29A28FFF0038F8BA /* ContactsListScreenView.swift */; };
		355E278329A2B6A00038F8BA /* PersonRowView.swift in Sources */ = {isa = PBXBuildFile; fileRef = 355E278229A2B6A00038F8BA /* PersonRowView.swift */; };
		355E278729A2BDE30038F8BA /* Localizable.strings in Resources */ = {isa = PBXBuildFile; fileRef = 355E278929A2BDE30038F8BA /* Localizable.strings */; };
		355E278C29A2BF2B0038F8BA /* Localizable.swift in Sources */ = {isa = PBXBuildFile; fileRef = 355E278B29A2BF2B0038F8BA /* Localizable.swift */; };
		355E278F29A2CFDD0038F8BA /* String+localizedString.swift in Sources */ = {isa = PBXBuildFile; fileRef = 355E278E29A2CFDD0038F8BA /* String+localizedString.swift */; };
		355E279529A2D3D50038F8BA /* LocalizedStringKey+toStringKey.swift in Sources */ = {isa = PBXBuildFile; fileRef = 355E279429A2D3D50038F8BA /* LocalizedStringKey+toStringKey.swift */; };
		355E279729A2D3FF0038F8BA /* LocalizedStringKey+toString.swift in Sources */ = {isa = PBXBuildFile; fileRef = 355E279629A2D3FF0038F8BA /* LocalizedStringKey+toString.swift */; };
		355E279C29A5508B0038F8BA /* Color+Theme.swift in Sources */ = {isa = PBXBuildFile; fileRef = 355E279B29A5508B0038F8BA /* Color+Theme.swift */; };
		355E27A029A555FD0038F8BA /* Color+uiColor.swift in Sources */ = {isa = PBXBuildFile; fileRef = 355E279F29A555FD0038F8BA /* Color+uiColor.swift */; };
		355E27A329A55B770038F8BA /* Colors.xcassets in Resources */ = {isa = PBXBuildFile; fileRef = 355E27A229A55B770038F8BA /* Colors.xcassets */; };
		355E27A529A55C130038F8BA /* Images.xcassets in Resources */ = {isa = PBXBuildFile; fileRef = 355E27A429A55C130038F8BA /* Images.xcassets */; };
		356BD33E2A09A5090099B215 /* CoreDataWrapper.swift in Sources */ = {isa = PBXBuildFile; fileRef = 356BD33D2A09A5090099B215 /* CoreDataWrapper.swift */; };
		356CD87F2991858100EA9D2D /* NavigationCoordinator.swift in Sources */ = {isa = PBXBuildFile; fileRef = 356CD87E2991858100EA9D2D /* NavigationCoordinator.swift */; };
		356CD8812991859D00EA9D2D /* TabCoordinator.swift in Sources */ = {isa = PBXBuildFile; fileRef = 356CD8802991859D00EA9D2D /* TabCoordinator.swift */; };
		356CD88929918EBB00EA9D2D /* BaseUITabBarController.swift in Sources */ = {isa = PBXBuildFile; fileRef = 356CD88629918EBB00EA9D2D /* BaseUITabBarController.swift */; };
		356CD88A29918EBB00EA9D2D /* BaseUIViewController.swift in Sources */ = {isa = PBXBuildFile; fileRef = 356CD88729918EBB00EA9D2D /* BaseUIViewController.swift */; };
		356CD88B29918EBB00EA9D2D /* BaseUIView.swift in Sources */ = {isa = PBXBuildFile; fileRef = 356CD88829918EBB00EA9D2D /* BaseUIView.swift */; };
		3570093529F7117500EAF446 /* AppSettingsManager.swift in Sources */ = {isa = PBXBuildFile; fileRef = 3570093429F7117500EAF446 /* AppSettingsManager.swift */; };
		357044AB29D08B9700C6A7C2 /* NeverForgetDatePicker in Frameworks */ = {isa = PBXBuildFile; productRef = 357044AA29D08B9700C6A7C2 /* NeverForgetDatePicker */; };
		357950F329CE0C9C009F5988 /* AppPreloader.swift in Sources */ = {isa = PBXBuildFile; fileRef = 357950F229CE0C9C009F5988 /* AppPreloader.swift */; };
		357950F629CE117B009F5988 /* Logger.swift in Sources */ = {isa = PBXBuildFile; fileRef = 357950F529CE117B009F5988 /* Logger.swift */; };
		3580D7BC29F0701F00EBB33B /* MainFlowCoordinator.swift in Sources */ = {isa = PBXBuildFile; fileRef = 3580D7BB29F0701F00EBB33B /* MainFlowCoordinator.swift */; };
		358728F929FDF7BA00148218 /* NFLocalNotificationsManager in Frameworks */ = {isa = PBXBuildFile; productRef = 358728F829FDF7BA00148218 /* NFLocalNotificationsManager */; };
		358728FB29FE0BE500148218 /* ContactsListWelcomeMessage.swift in Sources */ = {isa = PBXBuildFile; fileRef = 358728FA29FE0BE500148218 /* ContactsListWelcomeMessage.swift */; };
		358728FD29FEB9D300148218 /* SettingsNotificationTimesView.swift in Sources */ = {isa = PBXBuildFile; fileRef = 358728FC29FEB9D300148218 /* SettingsNotificationTimesView.swift */; };
		3588E5692A01995D0066F51C /* NFLogger in Frameworks */ = {isa = PBXBuildFile; productRef = 3588E5682A01995D0066F51C /* NFLogger */; };
		3588E56E2A01ACFD0066F51C /* LocalNotificationsFactory.swift in Sources */ = {isa = PBXBuildFile; fileRef = 3588E56D2A01ACFD0066F51C /* LocalNotificationsFactory.swift */; };
		359CDD0029D4BA7000EDAF2C /* MainScreenPeopleList.swift in Sources */ = {isa = PBXBuildFile; fileRef = 359CDCFF29D4BA7000EDAF2C /* MainScreenPeopleList.swift */; };
		359CDD0329D623DD00EDAF2C /* DateFormatter+init.swift in Sources */ = {isa = PBXBuildFile; fileRef = 359CDD0229D623DD00EDAF2C /* DateFormatter+init.swift */; };
		359CDD0529D6247C00EDAF2C /* String+uppercasedFirst.swift in Sources */ = {isa = PBXBuildFile; fileRef = 359CDD0429D6247C00EDAF2C /* String+uppercasedFirst.swift */; };
		35B4535F29DA0280004F3696 /* PeopleListSectioned.swift in Sources */ = {isa = PBXBuildFile; fileRef = 35B4535E29DA0280004F3696 /* PeopleListSectioned.swift */; };
		35BD2F4429D794F9000A9801 /* UnfairLock.swift in Sources */ = {isa = PBXBuildFile; fileRef = 35BD2F4329D794F9000A9801 /* UnfairLock.swift */; };
		35CE8C432A0800970070CA13 /* PersonNotificationsPermissionInfoBlock.swift in Sources */ = {isa = PBXBuildFile; fileRef = 35CE8C422A0800970070CA13 /* PersonNotificationsPermissionInfoBlock.swift */; };
		35CE8C452A0803B40070CA13 /* ContactNotificationsPermissionInfoBlockViewModel.swift in Sources */ = {isa = PBXBuildFile; fileRef = 35CE8C442A0803B40070CA13 /* ContactNotificationsPermissionInfoBlockViewModel.swift */; };
		35D02D302990485000536AB8 /* Coordinator.swift in Sources */ = {isa = PBXBuildFile; fileRef = 35D02D2F2990485000536AB8 /* Coordinator.swift */; };
		35D1F83B29D9DCE400965AB6 /* Color+random.swift in Sources */ = {isa = PBXBuildFile; fileRef = 35D1F83A29D9DCE400965AB6 /* Color+random.swift */; };
		35D2837029F72E48002E7286 /* SettingsViewModel.swift in Sources */ = {isa = PBXBuildFile; fileRef = 35D2836F29F72E48002E7286 /* SettingsViewModel.swift */; };
		35D527292A084010008274FB /* LocalNotificationDeepLinks.swift in Sources */ = {isa = PBXBuildFile; fileRef = 35D527282A084010008274FB /* LocalNotificationDeepLinks.swift */; };
		35D5272C2A097471008274FB /* Router.swift in Sources */ = {isa = PBXBuildFile; fileRef = 35D5272B2A097471008274FB /* Router.swift */; };
		35E0479329B382E9006A2AB3 /* DecodedImageWithPlaceholderView.swift in Sources */ = {isa = PBXBuildFile; fileRef = 35E0479229B382E9006A2AB3 /* DecodedImageWithPlaceholderView.swift */; };
		35E0479529B3996B006A2AB3 /* UIImage+resizeImage.swift in Sources */ = {isa = PBXBuildFile; fileRef = 35E0479429B3996B006A2AB3 /* UIImage+resizeImage.swift */; };
		35E0479729B40429006A2AB3 /* PersonRowViewModel.swift in Sources */ = {isa = PBXBuildFile; fileRef = 35E0479629B40429006A2AB3 /* PersonRowViewModel.swift */; };
		35E0479B29B404D6006A2AB3 /* TouchableOpacityButtonStyle.swift in Sources */ = {isa = PBXBuildFile; fileRef = 35E0479A29B404D6006A2AB3 /* TouchableOpacityButtonStyle.swift */; };
		35E8416A2992AFD900BF537E /* UIView+addView.swift in Sources */ = {isa = PBXBuildFile; fileRef = 35E841692992AFD900BF537E /* UIView+addView.swift */; };
		35E841722992B0BA00BF537E /* UIColor+hex.swift in Sources */ = {isa = PBXBuildFile; fileRef = 35E841712992B0BA00BF537E /* UIColor+hex.swift */; };
/* End PBXBuildFile section */

/* Begin PBXContainerItemProxy section */
		354E8BA629BE6B82009BFB6D /* PBXContainerItemProxy */ = {
			isa = PBXContainerItemProxy;
			containerPortal = 3551F192299028AE00EBA6A3 /* Project object */;
			proxyType = 1;
			remoteGlobalIDString = 3551F199299028AE00EBA6A3;
			remoteInfo = "never-forget";
		};
/* End PBXContainerItemProxy section */

/* Begin PBXCopyFilesBuildPhase section */
		351BD25029C620020036A2C8 /* Embed Frameworks */ = {
			isa = PBXCopyFilesBuildPhase;
			buildActionMask = 2147483647;
			dstPath = "";
			dstSubfolderSpec = 10;
			files = (
			);
			name = "Embed Frameworks";
			runOnlyForDeploymentPostprocessing = 0;
		};
/* End PBXCopyFilesBuildPhase section */

/* Begin PBXFileReference section */
		350BE5B829ABDD5B00A40F17 /* Binding+OptionalInit.swift */ = {isa = PBXFileReference; lastKnownFileType = sourcecode.swift; path = "Binding+OptionalInit.swift"; sourceTree = "<group>"; };
		350BE5BE29ABF4E700A40F17 /* BaseContactProfileView.swift */ = {isa = PBXFileReference; lastKnownFileType = sourcecode.swift; path = BaseContactProfileView.swift; sourceTree = "<group>"; };
		350BE5C129ABF73D00A40F17 /* CreateNewContactView.swift */ = {isa = PBXFileReference; lastKnownFileType = sourcecode.swift; path = CreateNewContactView.swift; sourceTree = "<group>"; };
		350BE5C329ABF77500A40F17 /* CreateNewContactViewModel.swift */ = {isa = PBXFileReference; lastKnownFileType = sourcecode.swift; path = CreateNewContactViewModel.swift; sourceTree = "<group>"; };
		35104EC829B420BE00E40E1E /* ImagePickerRepresentable.swift */ = {isa = PBXFileReference; lastKnownFileType = sourcecode.swift; path = ImagePickerRepresentable.swift; sourceTree = "<group>"; };
		352114F229A8DA4D00559988 /* RootCoordinator.swift */ = {isa = PBXFileReference; lastKnownFileType = sourcecode.swift; path = RootCoordinator.swift; sourceTree = "<group>"; };
		352114FB29A8EC4900559988 /* MainScreenCoordinator.swift */ = {isa = PBXFileReference; lastKnownFileType = sourcecode.swift; path = MainScreenCoordinator.swift; sourceTree = "<group>"; };
		352114FE29A8F2F500559988 /* ContactsListCoordinator.swift */ = {isa = PBXFileReference; lastKnownFileType = sourcecode.swift; path = ContactsListCoordinator.swift; sourceTree = "<group>"; };
		3521150029A8F76F00559988 /* ContactsListView.swift */ = {isa = PBXFileReference; lastKnownFileType = sourcecode.swift; path = ContactsListView.swift; sourceTree = "<group>"; };
		3521150929A8FF5A00559988 /* ContactProfileView.swift */ = {isa = PBXFileReference; lastKnownFileType = sourcecode.swift; path = ContactProfileView.swift; sourceTree = "<group>"; };
		3521150C29A9099A00559988 /* ContactsListScreenViewModel.swift */ = {isa = PBXFileReference; lastKnownFileType = sourcecode.swift; path = ContactsListScreenViewModel.swift; sourceTree = "<group>"; };
		3521150F29A90EA200559988 /* ContactProfileViewModel.swift */ = {isa = PBXFileReference; lastKnownFileType = sourcecode.swift; path = ContactProfileViewModel.swift; sourceTree = "<group>"; };
		3521151129A920CD00559988 /* String+trimmed.swift */ = {isa = PBXFileReference; lastKnownFileType = sourcecode.swift; path = "String+trimmed.swift"; sourceTree = "<group>"; };
		3525B2ED29FF2CB7001D83CF /* LocalNotificationsManager.swift */ = {isa = PBXFileReference; lastKnownFileType = sourcecode.swift; path = LocalNotificationsManager.swift; sourceTree = "<group>"; };
		3525B2F62A0048F3001D83CF /* ContactNotificationsManager.swift */ = {isa = PBXFileReference; lastKnownFileType = sourcecode.swift; path = ContactNotificationsManager.swift; sourceTree = "<group>"; };
		3525B2FA2A004FB6001D83CF /* LocalNotificationForBirthday.swift */ = {isa = PBXFileReference; lastKnownFileType = sourcecode.swift; path = LocalNotificationForBirthday.swift; sourceTree = "<group>"; };
		352E3FEC29DB4C6500E385A3 /* MainScreenViewModel.swift */ = {isa = PBXFileReference; lastKnownFileType = sourcecode.swift; path = MainScreenViewModel.swift; sourceTree = "<group>"; };
		352E3FEE29DB5AE000E385A3 /* MainScreenPeopleSection.swift */ = {isa = PBXFileReference; lastKnownFileType = sourcecode.swift; path = MainScreenPeopleSection.swift; sourceTree = "<group>"; };
		3533AFF429AA470800BA2F5F /* AppAlertManager.swift */ = {isa = PBXFileReference; lastKnownFileType = sourcecode.swift; path = AppAlertManager.swift; sourceTree = "<group>"; };
		3533AFF629AA692B00BA2F5F /* FormPhotoPickerView.swift */ = {isa = PBXFileReference; lastKnownFileType = sourcecode.swift; path = FormPhotoPickerView.swift; sourceTree = "<group>"; };
		3533AFFA29AA6DE800BA2F5F /* ContactsListViewModel.swift */ = {isa = PBXFileReference; lastKnownFileType = sourcecode.swift; path = ContactsListViewModel.swift; sourceTree = "<group>"; };
		3538282829F1B1F3003F19D9 /* SettingsTabCoordinator.swift */ = {isa = PBXFileReference; lastKnownFileType = sourcecode.swift; path = SettingsTabCoordinator.swift; sourceTree = "<group>"; };
		3538282B29F1B2F3003F19D9 /* SettingsView.swift */ = {isa = PBXFileReference; lastKnownFileType = sourcecode.swift; path = SettingsView.swift; sourceTree = "<group>"; };
		353A732829FDE0870074A409 /* Debouncer.swift */ = {isa = PBXFileReference; lastKnownFileType = sourcecode.swift; path = Debouncer.swift; sourceTree = "<group>"; };
		353A732C29FDF1B00074A409 /* NFLocalNotificationsManager */ = {isa = PBXFileReference; lastKnownFileType = wrapper; name = NFLocalNotificationsManager; path = Packages/NFLocalNotificationsManager; sourceTree = "<group>"; };
		3540DEAC29B5124200154770 /* View+hideKeyboard.swift */ = {isa = PBXFileReference; lastKnownFileType = sourcecode.swift; path = "View+hideKeyboard.swift"; sourceTree = "<group>"; };
		3540DEAE29B51BE000154770 /* String+randomString.swift */ = {isa = PBXFileReference; lastKnownFileType = sourcecode.swift; path = "String+randomString.swift"; sourceTree = "<group>"; };
		3542517A29A78D1F005174DA /* BaseUINavigationController.swift */ = {isa = PBXFileReference; lastKnownFileType = sourcecode.swift; path = BaseUINavigationController.swift; sourceTree = "<group>"; };
		354B839B2A0191E4006AF817 /* NFLogger */ = {isa = PBXFileReference; lastKnownFileType = wrapper; name = NFLogger; path = Packages/NFLogger; sourceTree = "<group>"; };
		354E42EA29A7A5E100A99389 /* UINavigationController+navigate.swift */ = {isa = PBXFileReference; lastKnownFileType = sourcecode.swift; path = "UINavigationController+navigate.swift"; sourceTree = "<group>"; };
		354E42EC29A7A66F00A99389 /* NavigationSteps.swift */ = {isa = PBXFileReference; lastKnownFileType = sourcecode.swift; path = NavigationSteps.swift; sourceTree = "<group>"; };
		354E8B9629BE061F009BFB6D /* ValidatedValue.swift */ = {isa = PBXFileReference; lastKnownFileType = sourcecode.swift; path = ValidatedValue.swift; sourceTree = "<group>"; };
		354E8B9A29BE2139009BFB6D /* View+if.swift */ = {isa = PBXFileReference; lastKnownFileType = sourcecode.swift; path = "View+if.swift"; sourceTree = "<group>"; };
		354E8B9C29BE6713009BFB6D /* Date+randomDate.swift */ = {isa = PBXFileReference; lastKnownFileType = sourcecode.swift; path = "Date+randomDate.swift"; sourceTree = "<group>"; };
		354E8BA229BE6B82009BFB6D /* NeverForgetAppTests.xctest */ = {isa = PBXFileReference; explicitFileType = wrapper.cfbundle; includeInIndex = 0; path = NeverForgetAppTests.xctest; sourceTree = BUILT_PRODUCTS_DIR; };
		354E8BA429BE6B82009BFB6D /* DateTests.swift */ = {isa = PBXFileReference; lastKnownFileType = sourcecode.swift; path = DateTests.swift; sourceTree = "<group>"; };
		3551F19A299028AE00EBA6A3 /* NeverForgetApp.app */ = {isa = PBXFileReference; explicitFileType = wrapper.application; includeInIndex = 0; path = NeverForgetApp.app; sourceTree = BUILT_PRODUCTS_DIR; };
		3551F19D299028AE00EBA6A3 /* AppDelegate.swift */ = {isa = PBXFileReference; lastKnownFileType = sourcecode.swift; path = AppDelegate.swift; sourceTree = "<group>"; };
		3551F19F299028AE00EBA6A3 /* SceneDelegate.swift */ = {isa = PBXFileReference; lastKnownFileType = sourcecode.swift; path = SceneDelegate.swift; sourceTree = "<group>"; };
		3551F1A1299028AE00EBA6A3 /* MainScreenView.swift */ = {isa = PBXFileReference; lastKnownFileType = sourcecode.swift; path = MainScreenView.swift; sourceTree = "<group>"; };
		3551F1A7299028AE00EBA6A3 /* never_forget.xcdatamodel */ = {isa = PBXFileReference; lastKnownFileType = wrapper.xcdatamodel; path = never_forget.xcdatamodel; sourceTree = "<group>"; };
		3551F1AC299028AF00EBA6A3 /* Base */ = {isa = PBXFileReference; lastKnownFileType = file.storyboard; name = Base; path = Base.lproj/LaunchScreen.storyboard; sourceTree = "<group>"; };
		3551F1AE299028AF00EBA6A3 /* Info.plist */ = {isa = PBXFileReference; lastKnownFileType = text.plist.xml; path = Info.plist; sourceTree = "<group>"; };
		3551F1B42990291D00EBA6A3 /* never-forget.entitlements */ = {isa = PBXFileReference; lastKnownFileType = text.plist.entitlements; path = "never-forget.entitlements"; sourceTree = "<group>"; };
		355E27412999886F0038F8BA /* PersistentContainerController.swift */ = {isa = PBXFileReference; lastKnownFileType = sourcecode.swift; path = PersistentContainerController.swift; sourceTree = "<group>"; };
		355E277229A261550038F8BA /* Person+CoreDataClass.swift */ = {isa = PBXFileReference; lastKnownFileType = sourcecode.swift; path = "Person+CoreDataClass.swift"; sourceTree = "<group>"; };
		355E277329A261550038F8BA /* Person+CoreDataProperties.swift */ = {isa = PBXFileReference; lastKnownFileType = sourcecode.swift; path = "Person+CoreDataProperties.swift"; sourceTree = "<group>"; };
		355E277D29A28FFF0038F8BA /* ContactsListScreenView.swift */ = {isa = PBXFileReference; lastKnownFileType = sourcecode.swift; path = ContactsListScreenView.swift; sourceTree = "<group>"; };
		355E278229A2B6A00038F8BA /* PersonRowView.swift */ = {isa = PBXFileReference; lastKnownFileType = sourcecode.swift; path = PersonRowView.swift; sourceTree = "<group>"; };
		355E278829A2BDE30038F8BA /* en */ = {isa = PBXFileReference; lastKnownFileType = text.plist.strings; name = en; path = en.lproj/Localizable.strings; sourceTree = "<group>"; };
		355E278A29A2BEA00038F8BA /* ru */ = {isa = PBXFileReference; lastKnownFileType = text.plist.strings; name = ru; path = ru.lproj/Localizable.strings; sourceTree = "<group>"; };
		355E278B29A2BF2B0038F8BA /* Localizable.swift */ = {isa = PBXFileReference; lastKnownFileType = sourcecode.swift; path = Localizable.swift; sourceTree = "<group>"; };
		355E278E29A2CFDD0038F8BA /* String+localizedString.swift */ = {isa = PBXFileReference; lastKnownFileType = sourcecode.swift; path = "String+localizedString.swift"; sourceTree = "<group>"; };
		355E279429A2D3D50038F8BA /* LocalizedStringKey+toStringKey.swift */ = {isa = PBXFileReference; lastKnownFileType = sourcecode.swift; path = "LocalizedStringKey+toStringKey.swift"; sourceTree = "<group>"; };
		355E279629A2D3FF0038F8BA /* LocalizedStringKey+toString.swift */ = {isa = PBXFileReference; lastKnownFileType = sourcecode.swift; path = "LocalizedStringKey+toString.swift"; sourceTree = "<group>"; };
		355E279B29A5508B0038F8BA /* Color+Theme.swift */ = {isa = PBXFileReference; lastKnownFileType = sourcecode.swift; path = "Color+Theme.swift"; sourceTree = "<group>"; };
		355E279F29A555FD0038F8BA /* Color+uiColor.swift */ = {isa = PBXFileReference; lastKnownFileType = sourcecode.swift; path = "Color+uiColor.swift"; sourceTree = "<group>"; };
		355E27A229A55B770038F8BA /* Colors.xcassets */ = {isa = PBXFileReference; lastKnownFileType = folder.assetcatalog; path = Colors.xcassets; sourceTree = "<group>"; };
		355E27A429A55C130038F8BA /* Images.xcassets */ = {isa = PBXFileReference; lastKnownFileType = folder.assetcatalog; path = Images.xcassets; sourceTree = "<group>"; };
		356BD33D2A09A5090099B215 /* CoreDataWrapper.swift */ = {isa = PBXFileReference; lastKnownFileType = sourcecode.swift; path = CoreDataWrapper.swift; sourceTree = "<group>"; };
		356CD87E2991858100EA9D2D /* NavigationCoordinator.swift */ = {isa = PBXFileReference; lastKnownFileType = sourcecode.swift; path = NavigationCoordinator.swift; sourceTree = "<group>"; };
		356CD8802991859D00EA9D2D /* TabCoordinator.swift */ = {isa = PBXFileReference; lastKnownFileType = sourcecode.swift; path = TabCoordinator.swift; sourceTree = "<group>"; };
		356CD88629918EBB00EA9D2D /* BaseUITabBarController.swift */ = {isa = PBXFileReference; fileEncoding = 4; lastKnownFileType = sourcecode.swift; path = BaseUITabBarController.swift; sourceTree = "<group>"; };
		356CD88729918EBB00EA9D2D /* BaseUIViewController.swift */ = {isa = PBXFileReference; fileEncoding = 4; lastKnownFileType = sourcecode.swift; path = BaseUIViewController.swift; sourceTree = "<group>"; };
		356CD88829918EBB00EA9D2D /* BaseUIView.swift */ = {isa = PBXFileReference; fileEncoding = 4; lastKnownFileType = sourcecode.swift; path = BaseUIView.swift; sourceTree = "<group>"; };
		3570093429F7117500EAF446 /* AppSettingsManager.swift */ = {isa = PBXFileReference; lastKnownFileType = sourcecode.swift; path = AppSettingsManager.swift; sourceTree = "<group>"; };
		357044A829D08A9000C6A7C2 /* NeverForgetDatePicker */ = {isa = PBXFileReference; lastKnownFileType = wrapper; name = NeverForgetDatePicker; path = Packages/NeverForgetDatePicker; sourceTree = "<group>"; };
		357950F229CE0C9C009F5988 /* AppPreloader.swift */ = {isa = PBXFileReference; lastKnownFileType = sourcecode.swift; path = AppPreloader.swift; sourceTree = "<group>"; };
		357950F529CE117B009F5988 /* Logger.swift */ = {isa = PBXFileReference; lastKnownFileType = sourcecode.swift; path = Logger.swift; sourceTree = "<group>"; };
		3580D7BB29F0701F00EBB33B /* MainFlowCoordinator.swift */ = {isa = PBXFileReference; fileEncoding = 4; lastKnownFileType = sourcecode.swift; path = MainFlowCoordinator.swift; sourceTree = "<group>"; };
		358728FA29FE0BE500148218 /* ContactsListWelcomeMessage.swift */ = {isa = PBXFileReference; lastKnownFileType = sourcecode.swift; path = ContactsListWelcomeMessage.swift; sourceTree = "<group>"; };
		358728FC29FEB9D300148218 /* SettingsNotificationTimesView.swift */ = {isa = PBXFileReference; lastKnownFileType = sourcecode.swift; path = SettingsNotificationTimesView.swift; sourceTree = "<group>"; };
		3588E56D2A01ACFD0066F51C /* LocalNotificationsFactory.swift */ = {isa = PBXFileReference; lastKnownFileType = sourcecode.swift; path = LocalNotificationsFactory.swift; sourceTree = "<group>"; };
		359CDCFF29D4BA7000EDAF2C /* MainScreenPeopleList.swift */ = {isa = PBXFileReference; lastKnownFileType = sourcecode.swift; path = MainScreenPeopleList.swift; sourceTree = "<group>"; };
		359CDD0229D623DD00EDAF2C /* DateFormatter+init.swift */ = {isa = PBXFileReference; lastKnownFileType = sourcecode.swift; path = "DateFormatter+init.swift"; sourceTree = "<group>"; };
		359CDD0429D6247C00EDAF2C /* String+uppercasedFirst.swift */ = {isa = PBXFileReference; lastKnownFileType = sourcecode.swift; path = "String+uppercasedFirst.swift"; sourceTree = "<group>"; };
		35B4535E29DA0280004F3696 /* PeopleListSectioned.swift */ = {isa = PBXFileReference; lastKnownFileType = sourcecode.swift; path = PeopleListSectioned.swift; sourceTree = "<group>"; };
		35BD2F4329D794F9000A9801 /* UnfairLock.swift */ = {isa = PBXFileReference; lastKnownFileType = sourcecode.swift; path = UnfairLock.swift; sourceTree = "<group>"; };
		35CE8C422A0800970070CA13 /* PersonNotificationsPermissionInfoBlock.swift */ = {isa = PBXFileReference; lastKnownFileType = sourcecode.swift; path = PersonNotificationsPermissionInfoBlock.swift; sourceTree = "<group>"; };
		35CE8C442A0803B40070CA13 /* ContactNotificationsPermissionInfoBlockViewModel.swift */ = {isa = PBXFileReference; lastKnownFileType = sourcecode.swift; path = ContactNotificationsPermissionInfoBlockViewModel.swift; sourceTree = "<group>"; };
		35D02D2F2990485000536AB8 /* Coordinator.swift */ = {isa = PBXFileReference; lastKnownFileType = sourcecode.swift; path = Coordinator.swift; sourceTree = "<group>"; };
		35D1F83A29D9DCE400965AB6 /* Color+random.swift */ = {isa = PBXFileReference; lastKnownFileType = sourcecode.swift; path = "Color+random.swift"; sourceTree = "<group>"; };
		35D2836F29F72E48002E7286 /* SettingsViewModel.swift */ = {isa = PBXFileReference; lastKnownFileType = sourcecode.swift; path = SettingsViewModel.swift; sourceTree = "<group>"; };
		35D527282A084010008274FB /* LocalNotificationDeepLinks.swift */ = {isa = PBXFileReference; lastKnownFileType = sourcecode.swift; path = LocalNotificationDeepLinks.swift; sourceTree = "<group>"; };
		35D5272B2A097471008274FB /* Router.swift */ = {isa = PBXFileReference; lastKnownFileType = sourcecode.swift; path = Router.swift; sourceTree = "<group>"; };
		35E0479229B382E9006A2AB3 /* DecodedImageWithPlaceholderView.swift */ = {isa = PBXFileReference; lastKnownFileType = sourcecode.swift; path = DecodedImageWithPlaceholderView.swift; sourceTree = "<group>"; };
		35E0479429B3996B006A2AB3 /* UIImage+resizeImage.swift */ = {isa = PBXFileReference; lastKnownFileType = sourcecode.swift; path = "UIImage+resizeImage.swift"; sourceTree = "<group>"; };
		35E0479629B40429006A2AB3 /* PersonRowViewModel.swift */ = {isa = PBXFileReference; lastKnownFileType = sourcecode.swift; path = PersonRowViewModel.swift; sourceTree = "<group>"; };
		35E0479A29B404D6006A2AB3 /* TouchableOpacityButtonStyle.swift */ = {isa = PBXFileReference; lastKnownFileType = sourcecode.swift; path = TouchableOpacityButtonStyle.swift; sourceTree = "<group>"; };
		35E841692992AFD900BF537E /* UIView+addView.swift */ = {isa = PBXFileReference; lastKnownFileType = sourcecode.swift; path = "UIView+addView.swift"; sourceTree = "<group>"; };
		35E841712992B0BA00BF537E /* UIColor+hex.swift */ = {isa = PBXFileReference; lastKnownFileType = sourcecode.swift; path = "UIColor+hex.swift"; sourceTree = "<group>"; };
/* End PBXFileReference section */

/* Begin PBXFrameworksBuildPhase section */
		354E8B9F29BE6B82009BFB6D /* Frameworks */ = {
			isa = PBXFrameworksBuildPhase;
			buildActionMask = 2147483647;
			files = (
			);
			runOnlyForDeploymentPostprocessing = 0;
		};
		3551F197299028AE00EBA6A3 /* Frameworks */ = {
			isa = PBXFrameworksBuildPhase;
			buildActionMask = 2147483647;
			files = (
				357044AB29D08B9700C6A7C2 /* NeverForgetDatePicker in Frameworks */,
				3588E5692A01995D0066F51C /* NFLogger in Frameworks */,
				358728F929FDF7BA00148218 /* NFLocalNotificationsManager in Frameworks */,
			);
			runOnlyForDeploymentPostprocessing = 0;
		};
/* End PBXFrameworksBuildPhase section */

/* Begin PBXGroup section */
		352114F129A8DA3500559988 /* Protocols */ = {
			isa = PBXGroup;
			children = (
				35D02D2F2990485000536AB8 /* Coordinator.swift */,
				356CD87E2991858100EA9D2D /* NavigationCoordinator.swift */,
				356CD8802991859D00EA9D2D /* TabCoordinator.swift */,
			);
			path = Protocols;
			sourceTree = "<group>";
		};
		352114FA29A8EC4100559988 /* Coordinators */ = {
			isa = PBXGroup;
			children = (
				352114FB29A8EC4900559988 /* MainScreenCoordinator.swift */,
			);
			path = Coordinators;
			sourceTree = "<group>";
		};
		352114FD29A8F2E700559988 /* Coordinators */ = {
			isa = PBXGroup;
			children = (
				352114FE29A8F2F500559988 /* ContactsListCoordinator.swift */,
			);
			path = Coordinators;
			sourceTree = "<group>";
		};
		3521150229A8F7AC00559988 /* PeopleList */ = {
			isa = PBXGroup;
			children = (
				355E278129A2B6900038F8BA /* PeopleRow */,
				358728FA29FE0BE500148218 /* ContactsListWelcomeMessage.swift */,
				3521150029A8F76F00559988 /* ContactsListView.swift */,
			);
			path = PeopleList;
			sourceTree = "<group>";
		};
		3521150329A8FF0200559988 /* ContactProfile */ = {
			isa = PBXGroup;
			children = (
				3525B2F52A0048DE001D83CF /* Managers */,
				3521150E29A90E9400559988 /* ViewModels */,
				3521150829A8FF5200559988 /* Views */,
			);
			path = ContactProfile;
			sourceTree = "<group>";
		};
		3521150829A8FF5200559988 /* Views */ = {
			isa = PBXGroup;
			children = (
				350BE5BE29ABF4E700A40F17 /* BaseContactProfileView.swift */,
				350BE5C129ABF73D00A40F17 /* CreateNewContactView.swift */,
				35CE8C422A0800970070CA13 /* PersonNotificationsPermissionInfoBlock.swift */,
				3521150929A8FF5A00559988 /* ContactProfileView.swift */,
			);
			path = Views;
			sourceTree = "<group>";
		};
		3521150B29A9098F00559988 /* ViewModels */ = {
			isa = PBXGroup;
			children = (
				3521150C29A9099A00559988 /* ContactsListScreenViewModel.swift */,
				3533AFFA29AA6DE800BA2F5F /* ContactsListViewModel.swift */,
				35E0479629B40429006A2AB3 /* PersonRowViewModel.swift */,
			);
			path = ViewModels;
			sourceTree = "<group>";
		};
		3521150E29A90E9400559988 /* ViewModels */ = {
			isa = PBXGroup;
			children = (
				3521150F29A90EA200559988 /* ContactProfileViewModel.swift */,
				350BE5C329ABF77500A40F17 /* CreateNewContactViewModel.swift */,
				35CE8C442A0803B40070CA13 /* ContactNotificationsPermissionInfoBlockViewModel.swift */,
			);
			path = ViewModels;
			sourceTree = "<group>";
		};
		3525B2EF29FF2D19001D83CF /* LocalNotifications */ = {
			isa = PBXGroup;
			children = (
				3525B2F92A004F95001D83CF /* Models */,
				3525B2ED29FF2CB7001D83CF /* LocalNotificationsManager.swift */,
				3588E56D2A01ACFD0066F51C /* LocalNotificationsFactory.swift */,
			);
			path = LocalNotifications;
			sourceTree = "<group>";
		};
		3525B2F52A0048DE001D83CF /* Managers */ = {
			isa = PBXGroup;
			children = (
				3525B2F62A0048F3001D83CF /* ContactNotificationsManager.swift */,
			);
			path = Managers;
			sourceTree = "<group>";
		};
		3525B2F92A004F95001D83CF /* Models */ = {
			isa = PBXGroup;
			children = (
				3525B2FA2A004FB6001D83CF /* LocalNotificationForBirthday.swift */,
				35D527282A084010008274FB /* LocalNotificationDeepLinks.swift */,
			);
			path = Models;
			sourceTree = "<group>";
		};
		352E3FEB29DB4C5800E385A3 /* ViewModels */ = {
			isa = PBXGroup;
			children = (
				352E3FEC29DB4C6500E385A3 /* MainScreenViewModel.swift */,
			);
			path = ViewModels;
			sourceTree = "<group>";
		};
		3533AFF329AA46FE00BA2F5F /* Managers */ = {
			isa = PBXGroup;
			children = (
				3533AFF429AA470800BA2F5F /* AppAlertManager.swift */,
			);
			path = Managers;
			sourceTree = "<group>";
		};
		3533AFF829AA6AB700BA2F5F /* UIKit */ = {
			isa = PBXGroup;
			children = (
				356CD88829918EBB00EA9D2D /* BaseUIView.swift */,
				356CD88729918EBB00EA9D2D /* BaseUIViewController.swift */,
				356CD88629918EBB00EA9D2D /* BaseUITabBarController.swift */,
				3542517A29A78D1F005174DA /* BaseUINavigationController.swift */,
			);
			path = UIKit;
			sourceTree = "<group>";
		};
		3533AFF929AA6ABE00BA2F5F /* SwiftUI */ = {
			isa = PBXGroup;
			children = (
				3533AFF629AA692B00BA2F5F /* FormPhotoPickerView.swift */,
				35E0479229B382E9006A2AB3 /* DecodedImageWithPlaceholderView.swift */,
				35104EC829B420BE00E40E1E /* ImagePickerRepresentable.swift */,
				357950F229CE0C9C009F5988 /* AppPreloader.swift */,
			);
			path = SwiftUI;
			sourceTree = "<group>";
		};
		3538282629F1B1DF003F19D9 /* SettingsTab */ = {
			isa = PBXGroup;
			children = (
				3538282729F1B1E8003F19D9 /* Coordinators */,
				3570093329F7116A00EAF446 /* Managers */,
				35D2836E29F72E3D002E7286 /* ViewModels */,
				3538282A29F1B2E1003F19D9 /* Views */,
			);
			path = SettingsTab;
			sourceTree = "<group>";
		};
		3538282729F1B1E8003F19D9 /* Coordinators */ = {
			isa = PBXGroup;
			children = (
				3538282829F1B1F3003F19D9 /* SettingsTabCoordinator.swift */,
			);
			path = Coordinators;
			sourceTree = "<group>";
		};
		3538282A29F1B2E1003F19D9 /* Views */ = {
			isa = PBXGroup;
			children = (
				3538282B29F1B2F3003F19D9 /* SettingsView.swift */,
				358728FC29FEB9D300148218 /* SettingsNotificationTimesView.swift */,
			);
			path = Views;
			sourceTree = "<group>";
		};
		354E8BA329BE6B82009BFB6D /* NeverForgetTests */ = {
			isa = PBXGroup;
			children = (
				354E8BA429BE6B82009BFB6D /* DateTests.swift */,
			);
			path = NeverForgetTests;
			sourceTree = "<group>";
		};
		3551F191299028AE00EBA6A3 = {
			isa = PBXGroup;
			children = (
				3551F19C299028AE00EBA6A3 /* NeverForgetApp */,
				354E8BA329BE6B82009BFB6D /* NeverForgetTests */,
				3551F19B299028AE00EBA6A3 /* Products */,
				357044A829D08A9000C6A7C2 /* NeverForgetDatePicker */,
				353A732C29FDF1B00074A409 /* NFLocalNotificationsManager */,
				354B839B2A0191E4006AF817 /* NFLogger */,
			);
			sourceTree = "<group>";
		};
		3551F19B299028AE00EBA6A3 /* Products */ = {
			isa = PBXGroup;
			children = (
				3551F19A299028AE00EBA6A3 /* NeverForgetApp.app */,
				354E8BA229BE6B82009BFB6D /* NeverForgetAppTests.xctest */,
			);
			name = Products;
			sourceTree = "<group>";
		};
		3551F19C299028AE00EBA6A3 /* NeverForgetApp */ = {
			isa = PBXGroup;
			children = (
				3551F1B529902AA300EBA6A3 /* App */,
				35D02D2E2990484400536AB8 /* Coordinator */,
				3551F1B829902CF000EBA6A3 /* CoreData */,
				35E841652992AEC200BF537E /* Features */,
				35E8415B299299BE00BF537E /* Shared */,
				3551F1BA29902E2800EBA6A3 /* SupportingFiles */,
			);
			path = NeverForgetApp;
			sourceTree = "<group>";
		};
		3551F1B529902AA300EBA6A3 /* App */ = {
			isa = PBXGroup;
			children = (
				3580D7BA29F0701F00EBB33B /* MainFlowCoordinator */,
				3551F19D299028AE00EBA6A3 /* AppDelegate.swift */,
				3551F19F299028AE00EBA6A3 /* SceneDelegate.swift */,
			);
			path = App;
			sourceTree = "<group>";
		};
		3551F1B829902CF000EBA6A3 /* CoreData */ = {
			isa = PBXGroup;
			children = (
				3551F1A6299028AE00EBA6A3 /* NeverForgetModels.xcdatamodeld */,
				355E27412999886F0038F8BA /* PersistentContainerController.swift */,
				356BD33D2A09A5090099B215 /* CoreDataWrapper.swift */,
			);
			path = CoreData;
			sourceTree = "<group>";
		};
		3551F1B929902DF000EBA6A3 /* Assets */ = {
			isa = PBXGroup;
			children = (
				355E27A229A55B770038F8BA /* Colors.xcassets */,
				355E27A429A55C130038F8BA /* Images.xcassets */,
			);
			path = Assets;
			sourceTree = "<group>";
		};
		3551F1BA29902E2800EBA6A3 /* SupportingFiles */ = {
			isa = PBXGroup;
			children = (
				3551F1B42990291D00EBA6A3 /* never-forget.entitlements */,
				3551F1AE299028AF00EBA6A3 /* Info.plist */,
				3551F1AB299028AF00EBA6A3 /* LaunchScreen.storyboard */,
			);
			path = SupportingFiles;
			sourceTree = "<group>";
		};
		355E277129A25AB00038F8BA /* Person */ = {
			isa = PBXGroup;
			children = (
				355E277229A261550038F8BA /* Person+CoreDataClass.swift */,
				355E277329A261550038F8BA /* Person+CoreDataProperties.swift */,
			);
			path = Person;
			sourceTree = "<group>";
		};
		355E277829A289290038F8BA /* MainScreenTab */ = {
			isa = PBXGroup;
			children = (
				352114FA29A8EC4100559988 /* Coordinators */,
				35B4535D29DA0271004F3696 /* Models */,
				352E3FEB29DB4C5800E385A3 /* ViewModels */,
				355E278029A2B6120038F8BA /* Views */,
			);
			path = MainScreenTab;
			sourceTree = "<group>";
		};
		355E277929A289320038F8BA /* ContactsListTab */ = {
			isa = PBXGroup;
			children = (
				3521150B29A9098F00559988 /* ViewModels */,
				352114FD29A8F2E700559988 /* Coordinators */,
				355E277F29A294820038F8BA /* Views */,
			);
			path = ContactsListTab;
			sourceTree = "<group>";
		};
		355E277F29A294820038F8BA /* Views */ = {
			isa = PBXGroup;
			children = (
				3521150229A8F7AC00559988 /* PeopleList */,
				355E277D29A28FFF0038F8BA /* ContactsListScreenView.swift */,
			);
			path = Views;
			sourceTree = "<group>";
		};
		355E278029A2B6120038F8BA /* Views */ = {
			isa = PBXGroup;
			children = (
				359CDCFF29D4BA7000EDAF2C /* MainScreenPeopleList.swift */,
				3551F1A1299028AE00EBA6A3 /* MainScreenView.swift */,
				352E3FEE29DB5AE000E385A3 /* MainScreenPeopleSection.swift */,
			);
			path = Views;
			sourceTree = "<group>";
		};
		355E278129A2B6900038F8BA /* PeopleRow */ = {
			isa = PBXGroup;
			children = (
				355E278229A2B6A00038F8BA /* PersonRowView.swift */,
			);
			path = PeopleRow;
			sourceTree = "<group>";
		};
		355E278429A2BD220038F8BA /* Localizable */ = {
			isa = PBXGroup;
			children = (
				355E278929A2BDE30038F8BA /* Localizable.strings */,
				355E278B29A2BF2B0038F8BA /* Localizable.swift */,
			);
			path = Localizable;
			sourceTree = "<group>";
		};
		356CD88529918E6700EA9D2D /* Extensions */ = {
			isa = PBXGroup;
			children = (
				350BE5B829ABDD5B00A40F17 /* Binding+OptionalInit.swift */,
				355E279B29A5508B0038F8BA /* Color+Theme.swift */,
				355E279F29A555FD0038F8BA /* Color+uiColor.swift */,
				354E8B9C29BE6713009BFB6D /* Date+randomDate.swift */,
				359CDD0229D623DD00EDAF2C /* DateFormatter+init.swift */,
				355E279629A2D3FF0038F8BA /* LocalizedStringKey+toString.swift */,
				355E279429A2D3D50038F8BA /* LocalizedStringKey+toStringKey.swift */,
				355E278E29A2CFDD0038F8BA /* String+localizedString.swift */,
				3540DEAE29B51BE000154770 /* String+randomString.swift */,
				3521151129A920CD00559988 /* String+trimmed.swift */,
				35E841712992B0BA00BF537E /* UIColor+hex.swift */,
				35E0479429B3996B006A2AB3 /* UIImage+resizeImage.swift */,
				354E42EA29A7A5E100A99389 /* UINavigationController+navigate.swift */,
				35E841692992AFD900BF537E /* UIView+addView.swift */,
				3540DEAC29B5124200154770 /* View+hideKeyboard.swift */,
				354E8B9A29BE2139009BFB6D /* View+if.swift */,
				359CDD0429D6247C00EDAF2C /* String+uppercasedFirst.swift */,
				35D1F83A29D9DCE400965AB6 /* Color+random.swift */,
			);
			path = Extensions;
			sourceTree = "<group>";
		};
		356CD88E29918EF300EA9D2D /* Views */ = {
			isa = PBXGroup;
			children = (
				3533AFF929AA6ABE00BA2F5F /* SwiftUI */,
				3533AFF829AA6AB700BA2F5F /* UIKit */,
			);
			path = Views;
			sourceTree = "<group>";
		};
		3570093329F7116A00EAF446 /* Managers */ = {
			isa = PBXGroup;
			children = (
				3570093429F7117500EAF446 /* AppSettingsManager.swift */,
			);
			path = Managers;
			sourceTree = "<group>";
		};
		357950F429CE116F009F5988 /* Helpers */ = {
			isa = PBXGroup;
			children = (
				357950F529CE117B009F5988 /* Logger.swift */,
				35BD2F4329D794F9000A9801 /* UnfairLock.swift */,
				353A732829FDE0870074A409 /* Debouncer.swift */,
			);
			path = Helpers;
			sourceTree = "<group>";
		};
		3580D7BA29F0701F00EBB33B /* MainFlowCoordinator */ = {
			isa = PBXGroup;
			children = (
				3580D7BB29F0701F00EBB33B /* MainFlowCoordinator.swift */,
			);
			path = MainFlowCoordinator;
			sourceTree = "<group>";
		};
		35B4535D29DA0271004F3696 /* Models */ = {
			isa = PBXGroup;
			children = (
				35B4535E29DA0280004F3696 /* PeopleListSectioned.swift */,
			);
			path = Models;
			sourceTree = "<group>";
		};
		35C3D11329BA6AC0000208B6 /* FormValidator */ = {
			isa = PBXGroup;
			children = (
				354E8B9629BE061F009BFB6D /* ValidatedValue.swift */,
			);
			path = FormValidator;
			sourceTree = "<group>";
		};
		35D02D2E2990484400536AB8 /* Coordinator */ = {
			isa = PBXGroup;
			children = (
				352114F129A8DA3500559988 /* Protocols */,
				352114F229A8DA4D00559988 /* RootCoordinator.swift */,
			);
			path = Coordinator;
			sourceTree = "<group>";
		};
		35D2836E29F72E3D002E7286 /* ViewModels */ = {
			isa = PBXGroup;
			children = (
				35D2836F29F72E48002E7286 /* SettingsViewModel.swift */,
			);
			path = ViewModels;
			sourceTree = "<group>";
		};
		35D5272A2A097465008274FB /* Navigation */ = {
			isa = PBXGroup;
			children = (
				35D5272B2A097471008274FB /* Router.swift */,
			);
			path = Navigation;
			sourceTree = "<group>";
		};
		35E0479829B404AD006A2AB3 /* Styles */ = {
			isa = PBXGroup;
			children = (
				35E0479929B404BA006A2AB3 /* Button */,
			);
			path = Styles;
			sourceTree = "<group>";
		};
		35E0479929B404BA006A2AB3 /* Button */ = {
			isa = PBXGroup;
			children = (
				35E0479A29B404D6006A2AB3 /* TouchableOpacityButtonStyle.swift */,
			);
			path = Button;
			sourceTree = "<group>";
		};
		35E8415B299299BE00BF537E /* Shared */ = {
			isa = PBXGroup;
			children = (
				3551F1B929902DF000EBA6A3 /* Assets */,
				356CD88529918E6700EA9D2D /* Extensions */,
				35C3D11329BA6AC0000208B6 /* FormValidator */,
				357950F429CE116F009F5988 /* Helpers */,
				355E278429A2BD220038F8BA /* Localizable */,
				3525B2EF29FF2D19001D83CF /* LocalNotifications */,
				3533AFF329AA46FE00BA2F5F /* Managers */,
				35E841642992AE9200BF537E /* Models */,
				35D5272A2A097465008274FB /* Navigation */,
				35E0479829B404AD006A2AB3 /* Styles */,
				356CD88E29918EF300EA9D2D /* Views */,
			);
			path = Shared;
			sourceTree = "<group>";
		};
		35E841642992AE9200BF537E /* Models */ = {
			isa = PBXGroup;
			children = (
				355E277129A25AB00038F8BA /* Person */,
				354E42EC29A7A66F00A99389 /* NavigationSteps.swift */,
			);
			path = Models;
			sourceTree = "<group>";
		};
		35E841652992AEC200BF537E /* Features */ = {
			isa = PBXGroup;
			children = (
				355E277829A289290038F8BA /* MainScreenTab */,
				355E277929A289320038F8BA /* ContactsListTab */,
				3521150329A8FF0200559988 /* ContactProfile */,
				3538282629F1B1DF003F19D9 /* SettingsTab */,
			);
			path = Features;
			sourceTree = "<group>";
		};
/* End PBXGroup section */

/* Begin PBXNativeTarget section */
		354E8BA129BE6B82009BFB6D /* NeverForgetAppTests */ = {
			isa = PBXNativeTarget;
			buildConfigurationList = 354E8BA829BE6B82009BFB6D /* Build configuration list for PBXNativeTarget "NeverForgetAppTests" */;
			buildPhases = (
				354E8B9E29BE6B82009BFB6D /* Sources */,
				354E8B9F29BE6B82009BFB6D /* Frameworks */,
				354E8BA029BE6B82009BFB6D /* Resources */,
			);
			buildRules = (
			);
			dependencies = (
				354E8BA729BE6B82009BFB6D /* PBXTargetDependency */,
			);
			name = NeverForgetAppTests;
			productName = "never-forgetTests";
			productReference = 354E8BA229BE6B82009BFB6D /* NeverForgetAppTests.xctest */;
			productType = "com.apple.product-type.bundle.unit-test";
		};
		3551F199299028AE00EBA6A3 /* NeverForgetApp */ = {
			isa = PBXNativeTarget;
			buildConfigurationList = 3551F1B1299028AF00EBA6A3 /* Build configuration list for PBXNativeTarget "NeverForgetApp" */;
			buildPhases = (
				3551F196299028AE00EBA6A3 /* Sources */,
				3551F197299028AE00EBA6A3 /* Frameworks */,
				3551F198299028AE00EBA6A3 /* Resources */,
				3551F1B729902B3900EBA6A3 /* SwiftFormat */,
				3551F1B629902B2900EBA6A3 /* SwiftLint */,
				351BD25029C620020036A2C8 /* Embed Frameworks */,
			);
			buildRules = (
			);
			dependencies = (
			);
			name = NeverForgetApp;
			packageProductDependencies = (
				357044AA29D08B9700C6A7C2 /* NeverForgetDatePicker */,
				358728F829FDF7BA00148218 /* NFLocalNotificationsManager */,
				3588E5682A01995D0066F51C /* NFLogger */,
			);
			productName = "never-forget";
			productReference = 3551F19A299028AE00EBA6A3 /* NeverForgetApp.app */;
			productType = "com.apple.product-type.application";
		};
/* End PBXNativeTarget section */

/* Begin PBXProject section */
		3551F192299028AE00EBA6A3 /* Project object */ = {
			isa = PBXProject;
			attributes = {
				BuildIndependentTargetsInParallel = 1;
				LastSwiftUpdateCheck = 1420;
				LastUpgradeCheck = 1420;
				TargetAttributes = {
					354E8BA129BE6B82009BFB6D = {
						CreatedOnToolsVersion = 14.2;
						TestTargetID = 3551F199299028AE00EBA6A3;
					};
					3551F199299028AE00EBA6A3 = {
						CreatedOnToolsVersion = 14.2;
					};
				};
			};
			buildConfigurationList = 3551F195299028AE00EBA6A3 /* Build configuration list for PBXProject "NeverForgetApp" */;
			compatibilityVersion = "Xcode 14.0";
			developmentRegion = en;
			hasScannedForEncodings = 0;
			knownRegions = (
				en,
				Base,
				ru,
			);
			mainGroup = 3551F191299028AE00EBA6A3;
			packageReferences = (
			);
			productRefGroup = 3551F19B299028AE00EBA6A3 /* Products */;
			projectDirPath = "";
			projectRoot = "";
			targets = (
				3551F199299028AE00EBA6A3 /* NeverForgetApp */,
				354E8BA129BE6B82009BFB6D /* NeverForgetAppTests */,
			);
		};
/* End PBXProject section */

/* Begin PBXResourcesBuildPhase section */
		354E8BA029BE6B82009BFB6D /* Resources */ = {
			isa = PBXResourcesBuildPhase;
			buildActionMask = 2147483647;
			files = (
			);
			runOnlyForDeploymentPostprocessing = 0;
		};
		3551F198299028AE00EBA6A3 /* Resources */ = {
			isa = PBXResourcesBuildPhase;
			buildActionMask = 2147483647;
			files = (
				355E27A329A55B770038F8BA /* Colors.xcassets in Resources */,
				355E27A529A55C130038F8BA /* Images.xcassets in Resources */,
				3551F1AD299028AF00EBA6A3 /* LaunchScreen.storyboard in Resources */,
				355E278729A2BDE30038F8BA /* Localizable.strings in Resources */,
			);
			runOnlyForDeploymentPostprocessing = 0;
		};
/* End PBXResourcesBuildPhase section */

/* Begin PBXShellScriptBuildPhase section */
		3551F1B629902B2900EBA6A3 /* SwiftLint */ = {
			isa = PBXShellScriptBuildPhase;
			alwaysOutOfDate = 1;
			buildActionMask = 2147483647;
			files = (
			);
			inputFileListPaths = (
			);
			inputPaths = (
			);
			name = SwiftLint;
			outputFileListPaths = (
			);
			outputPaths = (
			);
			runOnlyForDeploymentPostprocessing = 0;
			shellPath = /bin/sh;
			shellScript = "export PATH=\"$PATH:/opt/homebrew/bin\"\nif which swiftlint > /dev/null; then\n  swiftlint\nelse\n  echo \"warning: SwiftLint not installed, download from https://github.com/realm/SwiftLint\"\nfi\n";
		};
		3551F1B729902B3900EBA6A3 /* SwiftFormat */ = {
			isa = PBXShellScriptBuildPhase;
			alwaysOutOfDate = 1;
			buildActionMask = 2147483647;
			files = (
			);
			inputFileListPaths = (
			);
			inputPaths = (
			);
			name = SwiftFormat;
			outputFileListPaths = (
			);
			outputPaths = (
			);
			runOnlyForDeploymentPostprocessing = 0;
			shellPath = /bin/sh;
			shellScript = "export PATH=\"$PATH:/opt/homebrew/bin\"\nif which swiftformat > /dev/null; then\n  swiftformat .\nelse\n  echo \"warning: SwiftLint not installed, download from https://github.com/realm/SwiftLint\"\nfi\n";
		};
/* End PBXShellScriptBuildPhase section */

/* Begin PBXSourcesBuildPhase section */
		354E8B9E29BE6B82009BFB6D /* Sources */ = {
			isa = PBXSourcesBuildPhase;
			buildActionMask = 2147483647;
			files = (
				354E8BA529BE6B82009BFB6D /* DateTests.swift in Sources */,
			);
			runOnlyForDeploymentPostprocessing = 0;
		};
		3551F196299028AE00EBA6A3 /* Sources */ = {
			isa = PBXSourcesBuildPhase;
			buildActionMask = 2147483647;
			files = (
				358728FB29FE0BE500148218 /* ContactsListWelcomeMessage.swift in Sources */,
				355E279C29A5508B0038F8BA /* Color+Theme.swift in Sources */,
				35D5272C2A097471008274FB /* Router.swift in Sources */,
				352114FC29A8EC4900559988 /* MainScreenCoordinator.swift in Sources */,
				359CDD0329D623DD00EDAF2C /* DateFormatter+init.swift in Sources */,
				355E279729A2D3FF0038F8BA /* LocalizedStringKey+toString.swift in Sources */,
				3533AFF729AA692B00BA2F5F /* FormPhotoPickerView.swift in Sources */,
				354E8B9D29BE6713009BFB6D /* Date+randomDate.swift in Sources */,
				3538282929F1B1F3003F19D9 /* SettingsTabCoordinator.swift in Sources */,
				350BE5BF29ABF4E700A40F17 /* BaseContactProfileView.swift in Sources */,
				3588E56E2A01ACFD0066F51C /* LocalNotificationsFactory.swift in Sources */,
				35E0479529B3996B006A2AB3 /* UIImage+resizeImage.swift in Sources */,
				3525B2EE29FF2CB7001D83CF /* LocalNotificationsManager.swift in Sources */,
				3551F1A2299028AE00EBA6A3 /* MainScreenView.swift in Sources */,
				355E278C29A2BF2B0038F8BA /* Localizable.swift in Sources */,
				3533AFF529AA470800BA2F5F /* AppAlertManager.swift in Sources */,
				350BE5C429ABF77500A40F17 /* CreateNewContactViewModel.swift in Sources */,
				355E277429A261560038F8BA /* Person+CoreDataClass.swift in Sources */,
				353A732929FDE0870074A409 /* Debouncer.swift in Sources */,
				35E0479B29B404D6006A2AB3 /* TouchableOpacityButtonStyle.swift in Sources */,
				350BE5B929ABDD5B00A40F17 /* Binding+OptionalInit.swift in Sources */,
				3525B2F72A0048F3001D83CF /* ContactNotificationsManager.swift in Sources */,
				3570093529F7117500EAF446 /* AppSettingsManager.swift in Sources */,
				356CD88A29918EBB00EA9D2D /* BaseUIViewController.swift in Sources */,
				354E8B9B29BE2139009BFB6D /* View+if.swift in Sources */,
				356CD88B29918EBB00EA9D2D /* BaseUIView.swift in Sources */,
				35D1F83B29D9DCE400965AB6 /* Color+random.swift in Sources */,
				356CD88929918EBB00EA9D2D /* BaseUITabBarController.swift in Sources */,
				3538282C29F1B2F3003F19D9 /* SettingsView.swift in Sources */,
				357950F629CE117B009F5988 /* Logger.swift in Sources */,
				3580D7BC29F0701F00EBB33B /* MainFlowCoordinator.swift in Sources */,
				35104EC929B420BE00E40E1E /* ImagePickerRepresentable.swift in Sources */,
				352E3FEF29DB5AE000E385A3 /* MainScreenPeopleSection.swift in Sources */,
				352114F329A8DA4D00559988 /* RootCoordinator.swift in Sources */,
				3521150129A8F76F00559988 /* ContactsListView.swift in Sources */,
				356CD8812991859D00EA9D2D /* TabCoordinator.swift in Sources */,
				355E27A029A555FD0038F8BA /* Color+uiColor.swift in Sources */,
				3521150D29A9099A00559988 /* ContactsListScreenViewModel.swift in Sources */,
				355E279529A2D3D50038F8BA /* LocalizedStringKey+toStringKey.swift in Sources */,
				3551F19E299028AE00EBA6A3 /* AppDelegate.swift in Sources */,
				354E42ED29A7A66F00A99389 /* NavigationSteps.swift in Sources */,
				352114FF29A8F2F500559988 /* ContactsListCoordinator.swift in Sources */,
				359CDD0029D4BA7000EDAF2C /* MainScreenPeopleList.swift in Sources */,
				35BD2F4429D794F9000A9801 /* UnfairLock.swift in Sources */,
				355E278329A2B6A00038F8BA /* PersonRowView.swift in Sources */,
				3533AFFB29AA6DE800BA2F5F /* ContactsListViewModel.swift in Sources */,
				35B4535F29DA0280004F3696 /* PeopleListSectioned.swift in Sources */,
				3521150A29A8FF5A00559988 /* ContactProfileView.swift in Sources */,
				3540DEAF29B51BE000154770 /* String+randomString.swift in Sources */,
				35E0479729B40429006A2AB3 /* PersonRowViewModel.swift in Sources */,
				354E42EB29A7A5E100A99389 /* UINavigationController+navigate.swift in Sources */,
				350BE5C229ABF73D00A40F17 /* CreateNewContactView.swift in Sources */,
				35D02D302990485000536AB8 /* Coordinator.swift in Sources */,
				3540DEAD29B5124200154770 /* View+hideKeyboard.swift in Sources */,
				3551F1A0299028AE00EBA6A3 /* SceneDelegate.swift in Sources */,
				354E8B9729BE061F009BFB6D /* ValidatedValue.swift in Sources */,
				3551F1A8299028AE00EBA6A3 /* NeverForgetModels.xcdatamodeld in Sources */,
				357950F329CE0C9C009F5988 /* AppPreloader.swift in Sources */,
				352E3FED29DB4C6500E385A3 /* MainScreenViewModel.swift in Sources */,
				35CE8C432A0800970070CA13 /* PersonNotificationsPermissionInfoBlock.swift in Sources */,
				3521151029A90EA200559988 /* ContactProfileViewModel.swift in Sources */,
				3521151229A920CD00559988 /* String+trimmed.swift in Sources */,
				355E278F29A2CFDD0038F8BA /* String+localizedString.swift in Sources */,
				358728FD29FEB9D300148218 /* SettingsNotificationTimesView.swift in Sources */,
				355E27422999886F0038F8BA /* PersistentContainerController.swift in Sources */,
				35D2837029F72E48002E7286 /* SettingsViewModel.swift in Sources */,
				356BD33E2A09A5090099B215 /* CoreDataWrapper.swift in Sources */,
				355E277E29A28FFF0038F8BA /* ContactsListScreenView.swift in Sources */,
				35D527292A084010008274FB /* LocalNotificationDeepLinks.swift in Sources */,
				35E0479329B382E9006A2AB3 /* DecodedImageWithPlaceholderView.swift in Sources */,
				359CDD0529D6247C00EDAF2C /* String+uppercasedFirst.swift in Sources */,
				355E277529A261560038F8BA /* Person+CoreDataProperties.swift in Sources */,
				35CE8C452A0803B40070CA13 /* ContactNotificationsPermissionInfoBlockViewModel.swift in Sources */,
				3542517B29A78D1F005174DA /* BaseUINavigationController.swift in Sources */,
				35E8416A2992AFD900BF537E /* UIView+addView.swift in Sources */,
				3525B2FB2A004FB6001D83CF /* LocalNotificationForBirthday.swift in Sources */,
				356CD87F2991858100EA9D2D /* NavigationCoordinator.swift in Sources */,
				35E841722992B0BA00BF537E /* UIColor+hex.swift in Sources */,
			);
			runOnlyForDeploymentPostprocessing = 0;
		};
/* End PBXSourcesBuildPhase section */

/* Begin PBXTargetDependency section */
		354E8BA729BE6B82009BFB6D /* PBXTargetDependency */ = {
			isa = PBXTargetDependency;
			target = 3551F199299028AE00EBA6A3 /* NeverForgetApp */;
			targetProxy = 354E8BA629BE6B82009BFB6D /* PBXContainerItemProxy */;
		};
/* End PBXTargetDependency section */

/* Begin PBXVariantGroup section */
		3551F1AB299028AF00EBA6A3 /* LaunchScreen.storyboard */ = {
			isa = PBXVariantGroup;
			children = (
				3551F1AC299028AF00EBA6A3 /* Base */,
			);
			name = LaunchScreen.storyboard;
			sourceTree = "<group>";
		};
		355E278929A2BDE30038F8BA /* Localizable.strings */ = {
			isa = PBXVariantGroup;
			children = (
				355E278829A2BDE30038F8BA /* en */,
				355E278A29A2BEA00038F8BA /* ru */,
			);
			name = Localizable.strings;
			sourceTree = "<group>";
		};
/* End PBXVariantGroup section */

/* Begin XCBuildConfiguration section */
		354E8BA929BE6B82009BFB6D /* Debug */ = {
			isa = XCBuildConfiguration;
			buildSettings = {
				BUNDLE_LOADER = "$(TEST_HOST)";
				CODE_SIGN_STYLE = Automatic;
				CURRENT_PROJECT_VERSION = 1;
				DEVELOPMENT_TEAM = 3LK6LB7235;
				GENERATE_INFOPLIST_FILE = YES;
				MARKETING_VERSION = 1.0;
				PRODUCT_BUNDLE_IDENTIFIER = "makar.urbanov.never-forgetTests";
				PRODUCT_NAME = "$(TARGET_NAME)";
				SWIFT_EMIT_LOC_STRINGS = NO;
				SWIFT_VERSION = 5.0;
				TARGETED_DEVICE_FAMILY = "1,2";
				TEST_HOST = "$(BUILT_PRODUCTS_DIR)/NeverForgetApp.app/$(BUNDLE_EXECUTABLE_FOLDER_PATH)/NeverForgetApp";
			};
			name = Debug;
		};
		354E8BAA29BE6B82009BFB6D /* Release */ = {
			isa = XCBuildConfiguration;
			buildSettings = {
				BUNDLE_LOADER = "$(TEST_HOST)";
				CODE_SIGN_STYLE = Automatic;
				CURRENT_PROJECT_VERSION = 1;
				DEVELOPMENT_TEAM = 3LK6LB7235;
				GENERATE_INFOPLIST_FILE = YES;
				MARKETING_VERSION = 1.0;
				PRODUCT_BUNDLE_IDENTIFIER = "makar.urbanov.never-forgetTests";
				PRODUCT_NAME = "$(TARGET_NAME)";
				SWIFT_EMIT_LOC_STRINGS = NO;
				SWIFT_VERSION = 5.0;
				TARGETED_DEVICE_FAMILY = "1,2";
				TEST_HOST = "$(BUILT_PRODUCTS_DIR)/NeverForgetApp.app/$(BUNDLE_EXECUTABLE_FOLDER_PATH)/NeverForgetApp";
			};
			name = Release;
		};
		3551F1AF299028AF00EBA6A3 /* Debug */ = {
			isa = XCBuildConfiguration;
			buildSettings = {
				ALWAYS_SEARCH_USER_PATHS = NO;
				CLANG_ANALYZER_LOCALIZABILITY_NONLOCALIZED = YES;
				CLANG_ANALYZER_NONNULL = YES;
				CLANG_ANALYZER_NUMBER_OBJECT_CONVERSION = YES_AGGRESSIVE;
				CLANG_CXX_LANGUAGE_STANDARD = "gnu++20";
				CLANG_ENABLE_MODULES = YES;
				CLANG_ENABLE_OBJC_ARC = YES;
				CLANG_ENABLE_OBJC_WEAK = YES;
				CLANG_WARN_BLOCK_CAPTURE_AUTORELEASING = YES;
				CLANG_WARN_BOOL_CONVERSION = YES;
				CLANG_WARN_COMMA = YES;
				CLANG_WARN_CONSTANT_CONVERSION = YES;
				CLANG_WARN_DEPRECATED_OBJC_IMPLEMENTATIONS = YES;
				CLANG_WARN_DIRECT_OBJC_ISA_USAGE = YES_ERROR;
				CLANG_WARN_DOCUMENTATION_COMMENTS = YES;
				CLANG_WARN_EMPTY_BODY = YES;
				CLANG_WARN_ENUM_CONVERSION = YES;
				CLANG_WARN_INFINITE_RECURSION = YES;
				CLANG_WARN_INT_CONVERSION = YES;
				CLANG_WARN_NON_LITERAL_NULL_CONVERSION = YES;
				CLANG_WARN_OBJC_IMPLICIT_RETAIN_SELF = YES;
				CLANG_WARN_OBJC_LITERAL_CONVERSION = YES;
				CLANG_WARN_OBJC_ROOT_CLASS = YES_ERROR;
				CLANG_WARN_QUOTED_INCLUDE_IN_FRAMEWORK_HEADER = YES;
				CLANG_WARN_RANGE_LOOP_ANALYSIS = YES;
				CLANG_WARN_STRICT_PROTOTYPES = YES;
				CLANG_WARN_SUSPICIOUS_MOVE = YES;
				CLANG_WARN_UNGUARDED_AVAILABILITY = YES_AGGRESSIVE;
				CLANG_WARN_UNREACHABLE_CODE = YES;
				CLANG_WARN__DUPLICATE_METHOD_MATCH = YES;
				COPY_PHASE_STRIP = NO;
				DEBUG_INFORMATION_FORMAT = dwarf;
				ENABLE_STRICT_OBJC_MSGSEND = YES;
				ENABLE_TESTABILITY = YES;
				GCC_C_LANGUAGE_STANDARD = gnu11;
				GCC_DYNAMIC_NO_PIC = NO;
				GCC_NO_COMMON_BLOCKS = YES;
				GCC_OPTIMIZATION_LEVEL = 0;
				GCC_PREPROCESSOR_DEFINITIONS = (
					"DEBUG=1",
					"$(inherited)",
				);
				GCC_WARN_64_TO_32_BIT_CONVERSION = YES;
				GCC_WARN_ABOUT_RETURN_TYPE = YES_ERROR;
				GCC_WARN_UNDECLARED_SELECTOR = YES;
				GCC_WARN_UNINITIALIZED_AUTOS = YES_AGGRESSIVE;
				GCC_WARN_UNUSED_FUNCTION = YES;
				GCC_WARN_UNUSED_VARIABLE = YES;
				IPHONEOS_DEPLOYMENT_TARGET = 16.2;
				MTL_ENABLE_DEBUG_INFO = INCLUDE_SOURCE;
				MTL_FAST_MATH = YES;
				ONLY_ACTIVE_ARCH = YES;
				SDKROOT = iphoneos;
				SWIFT_ACTIVE_COMPILATION_CONDITIONS = DEBUG;
				SWIFT_OPTIMIZATION_LEVEL = "-Onone";
			};
			name = Debug;
		};
		3551F1B0299028AF00EBA6A3 /* Release */ = {
			isa = XCBuildConfiguration;
			buildSettings = {
				ALWAYS_SEARCH_USER_PATHS = NO;
				CLANG_ANALYZER_LOCALIZABILITY_NONLOCALIZED = YES;
				CLANG_ANALYZER_NONNULL = YES;
				CLANG_ANALYZER_NUMBER_OBJECT_CONVERSION = YES_AGGRESSIVE;
				CLANG_CXX_LANGUAGE_STANDARD = "gnu++20";
				CLANG_ENABLE_MODULES = YES;
				CLANG_ENABLE_OBJC_ARC = YES;
				CLANG_ENABLE_OBJC_WEAK = YES;
				CLANG_WARN_BLOCK_CAPTURE_AUTORELEASING = YES;
				CLANG_WARN_BOOL_CONVERSION = YES;
				CLANG_WARN_COMMA = YES;
				CLANG_WARN_CONSTANT_CONVERSION = YES;
				CLANG_WARN_DEPRECATED_OBJC_IMPLEMENTATIONS = YES;
				CLANG_WARN_DIRECT_OBJC_ISA_USAGE = YES_ERROR;
				CLANG_WARN_DOCUMENTATION_COMMENTS = YES;
				CLANG_WARN_EMPTY_BODY = YES;
				CLANG_WARN_ENUM_CONVERSION = YES;
				CLANG_WARN_INFINITE_RECURSION = YES;
				CLANG_WARN_INT_CONVERSION = YES;
				CLANG_WARN_NON_LITERAL_NULL_CONVERSION = YES;
				CLANG_WARN_OBJC_IMPLICIT_RETAIN_SELF = YES;
				CLANG_WARN_OBJC_LITERAL_CONVERSION = YES;
				CLANG_WARN_OBJC_ROOT_CLASS = YES_ERROR;
				CLANG_WARN_QUOTED_INCLUDE_IN_FRAMEWORK_HEADER = YES;
				CLANG_WARN_RANGE_LOOP_ANALYSIS = YES;
				CLANG_WARN_STRICT_PROTOTYPES = YES;
				CLANG_WARN_SUSPICIOUS_MOVE = YES;
				CLANG_WARN_UNGUARDED_AVAILABILITY = YES_AGGRESSIVE;
				CLANG_WARN_UNREACHABLE_CODE = YES;
				CLANG_WARN__DUPLICATE_METHOD_MATCH = YES;
				COPY_PHASE_STRIP = NO;
				DEBUG_INFORMATION_FORMAT = "dwarf-with-dsym";
				ENABLE_NS_ASSERTIONS = NO;
				ENABLE_STRICT_OBJC_MSGSEND = YES;
				GCC_C_LANGUAGE_STANDARD = gnu11;
				GCC_NO_COMMON_BLOCKS = YES;
				GCC_WARN_64_TO_32_BIT_CONVERSION = YES;
				GCC_WARN_ABOUT_RETURN_TYPE = YES_ERROR;
				GCC_WARN_UNDECLARED_SELECTOR = YES;
				GCC_WARN_UNINITIALIZED_AUTOS = YES_AGGRESSIVE;
				GCC_WARN_UNUSED_FUNCTION = YES;
				GCC_WARN_UNUSED_VARIABLE = YES;
				IPHONEOS_DEPLOYMENT_TARGET = 16.2;
				MTL_ENABLE_DEBUG_INFO = NO;
				MTL_FAST_MATH = YES;
				SDKROOT = iphoneos;
				SWIFT_COMPILATION_MODE = wholemodule;
				SWIFT_OPTIMIZATION_LEVEL = "-O";
				VALIDATE_PRODUCT = YES;
			};
			name = Release;
		};
		3551F1B2299028AF00EBA6A3 /* Debug */ = {
			isa = XCBuildConfiguration;
			buildSettings = {
				ASSETCATALOG_COMPILER_APPICON_NAME = AppIcon;
				ASSETCATALOG_COMPILER_GLOBAL_ACCENT_COLOR_NAME = AccentColor;
				CODE_SIGN_ENTITLEMENTS = "NeverForgetApp/SupportingFiles/never-forget.entitlements";
				CODE_SIGN_STYLE = Automatic;
				CURRENT_PROJECT_VERSION = 1;
				DEVELOPMENT_TEAM = 3LK6LB7235;
				GENERATE_INFOPLIST_FILE = YES;
				INFOPLIST_FILE = NeverForgetApp/SupportingFiles/Info.plist;
				INFOPLIST_KEY_CFBundleDisplayName = "Never Forget";
				INFOPLIST_KEY_UIApplicationSupportsIndirectInputEvents = YES;
				INFOPLIST_KEY_UILaunchStoryboardName = LaunchScreen;
				INFOPLIST_KEY_UISupportedInterfaceOrientations = UIInterfaceOrientationPortrait;
				INFOPLIST_KEY_UISupportedInterfaceOrientations_iPad = "UIInterfaceOrientationLandscapeLeft UIInterfaceOrientationLandscapeRight UIInterfaceOrientationPortrait UIInterfaceOrientationPortraitUpsideDown";
				IPHONEOS_DEPLOYMENT_TARGET = 16;
				LD_RUNPATH_SEARCH_PATHS = (
					"$(inherited)",
					"@executable_path/Frameworks",
				);
				MARKETING_VERSION = 1.0;
				PRODUCT_BUNDLE_IDENTIFIER = "makar.urbanov.never-forget";
				PRODUCT_NAME = "$(TARGET_NAME)";
				SUPPORTED_PLATFORMS = "iphoneos iphonesimulator";
				SUPPORTS_MACCATALYST = NO;
				SUPPORTS_MAC_DESIGNED_FOR_IPHONE_IPAD = YES;
				SWIFT_EMIT_LOC_STRINGS = YES;
				SWIFT_VERSION = 5.0;
				TARGETED_DEVICE_FAMILY = 1;
			};
			name = Debug;
		};
		3551F1B3299028AF00EBA6A3 /* Release */ = {
			isa = XCBuildConfiguration;
			buildSettings = {
				ASSETCATALOG_COMPILER_APPICON_NAME = AppIcon;
				ASSETCATALOG_COMPILER_GLOBAL_ACCENT_COLOR_NAME = AccentColor;
				CODE_SIGN_ENTITLEMENTS = "NeverForgetApp/SupportingFiles/never-forget.entitlements";
				CODE_SIGN_STYLE = Automatic;
				CURRENT_PROJECT_VERSION = 1;
				DEVELOPMENT_TEAM = 3LK6LB7235;
				GENERATE_INFOPLIST_FILE = YES;
				INFOPLIST_FILE = NeverForgetApp/SupportingFiles/Info.plist;
				INFOPLIST_KEY_CFBundleDisplayName = "Never Forget";
				INFOPLIST_KEY_UIApplicationSupportsIndirectInputEvents = YES;
				INFOPLIST_KEY_UILaunchStoryboardName = LaunchScreen;
				INFOPLIST_KEY_UISupportedInterfaceOrientations = UIInterfaceOrientationPortrait;
				INFOPLIST_KEY_UISupportedInterfaceOrientations_iPad = "UIInterfaceOrientationLandscapeLeft UIInterfaceOrientationLandscapeRight UIInterfaceOrientationPortrait UIInterfaceOrientationPortraitUpsideDown";
				IPHONEOS_DEPLOYMENT_TARGET = 16;
				LD_RUNPATH_SEARCH_PATHS = (
					"$(inherited)",
					"@executable_path/Frameworks",
				);
				MARKETING_VERSION = 1.0;
				PRODUCT_BUNDLE_IDENTIFIER = "makar.urbanov.never-forget";
				PRODUCT_NAME = "$(TARGET_NAME)";
				SUPPORTED_PLATFORMS = "iphoneos iphonesimulator";
				SUPPORTS_MACCATALYST = NO;
				SUPPORTS_MAC_DESIGNED_FOR_IPHONE_IPAD = YES;
				SWIFT_EMIT_LOC_STRINGS = YES;
				SWIFT_VERSION = 5.0;
				TARGETED_DEVICE_FAMILY = 1;
			};
			name = Release;
		};
/* End XCBuildConfiguration section */

/* Begin XCConfigurationList section */
		354E8BA829BE6B82009BFB6D /* Build configuration list for PBXNativeTarget "NeverForgetAppTests" */ = {
			isa = XCConfigurationList;
			buildConfigurations = (
				354E8BA929BE6B82009BFB6D /* Debug */,
				354E8BAA29BE6B82009BFB6D /* Release */,
			);
			defaultConfigurationIsVisible = 0;
			defaultConfigurationName = Release;
		};
		3551F195299028AE00EBA6A3 /* Build configuration list for PBXProject "NeverForgetApp" */ = {
			isa = XCConfigurationList;
			buildConfigurations = (
				3551F1AF299028AF00EBA6A3 /* Debug */,
				3551F1B0299028AF00EBA6A3 /* Release */,
			);
			defaultConfigurationIsVisible = 0;
			defaultConfigurationName = Release;
		};
		3551F1B1299028AF00EBA6A3 /* Build configuration list for PBXNativeTarget "NeverForgetApp" */ = {
			isa = XCConfigurationList;
			buildConfigurations = (
				3551F1B2299028AF00EBA6A3 /* Debug */,
				3551F1B3299028AF00EBA6A3 /* Release */,
			);
			defaultConfigurationIsVisible = 0;
			defaultConfigurationName = Release;
		};
/* End XCConfigurationList section */

/* Begin XCSwiftPackageProductDependency section */
		357044AA29D08B9700C6A7C2 /* NeverForgetDatePicker */ = {
			isa = XCSwiftPackageProductDependency;
			productName = NeverForgetDatePicker;
		};
		358728F829FDF7BA00148218 /* NFLocalNotificationsManager */ = {
			isa = XCSwiftPackageProductDependency;
			productName = NFLocalNotificationsManager;
		};
		3588E5682A01995D0066F51C /* NFLogger */ = {
			isa = XCSwiftPackageProductDependency;
			productName = NFLogger;
		};
/* End XCSwiftPackageProductDependency section */

/* Begin XCVersionGroup section */
		3551F1A6299028AE00EBA6A3 /* NeverForgetModels.xcdatamodeld */ = {
			isa = XCVersionGroup;
			children = (
				3551F1A7299028AE00EBA6A3 /* never_forget.xcdatamodel */,
			);
			currentVersion = 3551F1A7299028AE00EBA6A3 /* never_forget.xcdatamodel */;
			path = NeverForgetModels.xcdatamodeld;
			sourceTree = "<group>";
			versionGroupType = wrapper.xcdatamodel;
		};
/* End XCVersionGroup section */
	};
	rootObject = 3551F192299028AE00EBA6A3 /* Project object */;
}
