// !$*UTF8*$!
{
	archiveVersion = 1;
	classes = {
	};
	objectVersion = 56;
	objects = {

/* Begin PBXBuildFile section */
		3551F19E299028AE00EBA6A3 /* AppDelegate.swift in Sources */ = {isa = PBXBuildFile; fileRef = 3551F19D299028AE00EBA6A3 /* AppDelegate.swift */; };
		3551F1A0299028AE00EBA6A3 /* SceneDelegate.swift in Sources */ = {isa = PBXBuildFile; fileRef = 3551F19F299028AE00EBA6A3 /* SceneDelegate.swift */; };
		3551F1A2299028AE00EBA6A3 /* MainTabView.swift in Sources */ = {isa = PBXBuildFile; fileRef = 3551F1A1299028AE00EBA6A3 /* MainTabView.swift */; };
		3551F1A8299028AE00EBA6A3 /* ListTab.xcdatamodeld in Sources */ = {isa = PBXBuildFile; fileRef = 3551F1A6299028AE00EBA6A3 /* ListTab.xcdatamodeld */; };
		3551F1AA299028AF00EBA6A3 /* Assets.xcassets in Resources */ = {isa = PBXBuildFile; fileRef = 3551F1A9299028AF00EBA6A3 /* Assets.xcassets */; };
		3551F1AD299028AF00EBA6A3 /* LaunchScreen.storyboard in Resources */ = {isa = PBXBuildFile; fileRef = 3551F1AB299028AF00EBA6A3 /* LaunchScreen.storyboard */; };
		355E27422999886F0038F8BA /* PersistentContainerController.swift in Sources */ = {isa = PBXBuildFile; fileRef = 355E27412999886F0038F8BA /* PersistentContainerController.swift */; };
		355E274429998E7D0038F8BA /* ListTabContainerProvider.swift in Sources */ = {isa = PBXBuildFile; fileRef = 355E274329998E7D0038F8BA /* ListTabContainerProvider.swift */; };
		355E277429A261560038F8BA /* Person+CoreDataClass.swift in Sources */ = {isa = PBXBuildFile; fileRef = 355E277229A261550038F8BA /* Person+CoreDataClass.swift */; };
		355E277529A261560038F8BA /* Person+CoreDataProperties.swift in Sources */ = {isa = PBXBuildFile; fileRef = 355E277329A261550038F8BA /* Person+CoreDataProperties.swift */; };
		355E277729A288D10038F8BA /* PersonProfileView.swift in Sources */ = {isa = PBXBuildFile; fileRef = 355E277629A288D10038F8BA /* PersonProfileView.swift */; };
		356CD87F2991858100EA9D2D /* NavigationCoordinator.swift in Sources */ = {isa = PBXBuildFile; fileRef = 356CD87E2991858100EA9D2D /* NavigationCoordinator.swift */; };
		356CD8812991859D00EA9D2D /* TabCoordinator.swift in Sources */ = {isa = PBXBuildFile; fileRef = 356CD8802991859D00EA9D2D /* TabCoordinator.swift */; };
		356CD88429918E6200EA9D2D /* MainTabController.swift in Sources */ = {isa = PBXBuildFile; fileRef = 356CD88329918E6200EA9D2D /* MainTabController.swift */; };
		356CD88929918EBB00EA9D2D /* BaseTabBarController.swift in Sources */ = {isa = PBXBuildFile; fileRef = 356CD88629918EBB00EA9D2D /* BaseTabBarController.swift */; };
		356CD88A29918EBB00EA9D2D /* BaseViewController.swift in Sources */ = {isa = PBXBuildFile; fileRef = 356CD88729918EBB00EA9D2D /* BaseViewController.swift */; };
		356CD88B29918EBB00EA9D2D /* BaseView.swift in Sources */ = {isa = PBXBuildFile; fileRef = 356CD88829918EBB00EA9D2D /* BaseView.swift */; };
		35D02D302990485000536AB8 /* Coordinator.swift in Sources */ = {isa = PBXBuildFile; fileRef = 35D02D2F2990485000536AB8 /* Coordinator.swift */; };
		35D02D322990486C00536AB8 /* MainCoordinator.swift in Sources */ = {isa = PBXBuildFile; fileRef = 35D02D312990486C00536AB8 /* MainCoordinator.swift */; };
		35E8415F29929D7000BF537E /* ListTabView.swift in Sources */ = {isa = PBXBuildFile; fileRef = 35E8415E29929D7000BF537E /* ListTabView.swift */; };
		35E8416A2992AFD900BF537E /* addView.swift in Sources */ = {isa = PBXBuildFile; fileRef = 35E841692992AFD900BF537E /* addView.swift */; };
		35E841722992B0BA00BF537E /* hex.swift in Sources */ = {isa = PBXBuildFile; fileRef = 35E841712992B0BA00BF537E /* hex.swift */; };
/* End PBXBuildFile section */

/* Begin PBXFileReference section */
		3551F19A299028AE00EBA6A3 /* never-forget.app */ = {isa = PBXFileReference; explicitFileType = wrapper.application; includeInIndex = 0; path = "never-forget.app"; sourceTree = BUILT_PRODUCTS_DIR; };
		3551F19D299028AE00EBA6A3 /* AppDelegate.swift */ = {isa = PBXFileReference; lastKnownFileType = sourcecode.swift; path = AppDelegate.swift; sourceTree = "<group>"; };
		3551F19F299028AE00EBA6A3 /* SceneDelegate.swift */ = {isa = PBXFileReference; lastKnownFileType = sourcecode.swift; path = SceneDelegate.swift; sourceTree = "<group>"; };
		3551F1A1299028AE00EBA6A3 /* MainTabView.swift */ = {isa = PBXFileReference; lastKnownFileType = sourcecode.swift; path = MainTabView.swift; sourceTree = "<group>"; };
		3551F1A7299028AE00EBA6A3 /* never_forget.xcdatamodel */ = {isa = PBXFileReference; lastKnownFileType = wrapper.xcdatamodel; path = never_forget.xcdatamodel; sourceTree = "<group>"; };
		3551F1A9299028AF00EBA6A3 /* Assets.xcassets */ = {isa = PBXFileReference; lastKnownFileType = folder.assetcatalog; path = Assets.xcassets; sourceTree = "<group>"; };
		3551F1AC299028AF00EBA6A3 /* Base */ = {isa = PBXFileReference; lastKnownFileType = file.storyboard; name = Base; path = Base.lproj/LaunchScreen.storyboard; sourceTree = "<group>"; };
		3551F1AE299028AF00EBA6A3 /* Info.plist */ = {isa = PBXFileReference; lastKnownFileType = text.plist.xml; path = Info.plist; sourceTree = "<group>"; };
		3551F1B42990291D00EBA6A3 /* never-forget.entitlements */ = {isa = PBXFileReference; lastKnownFileType = text.plist.entitlements; path = "never-forget.entitlements"; sourceTree = "<group>"; };
		355E27412999886F0038F8BA /* PersistentContainerController.swift */ = {isa = PBXFileReference; lastKnownFileType = sourcecode.swift; path = PersistentContainerController.swift; sourceTree = "<group>"; };
		355E274329998E7D0038F8BA /* ListTabContainerProvider.swift */ = {isa = PBXFileReference; lastKnownFileType = sourcecode.swift; path = ListTabContainerProvider.swift; sourceTree = "<group>"; };
		355E277229A261550038F8BA /* Person+CoreDataClass.swift */ = {isa = PBXFileReference; lastKnownFileType = sourcecode.swift; path = "Person+CoreDataClass.swift"; sourceTree = "<group>"; };
		355E277329A261550038F8BA /* Person+CoreDataProperties.swift */ = {isa = PBXFileReference; lastKnownFileType = sourcecode.swift; path = "Person+CoreDataProperties.swift"; sourceTree = "<group>"; };
		355E277629A288D10038F8BA /* PersonProfileView.swift */ = {isa = PBXFileReference; lastKnownFileType = sourcecode.swift; path = PersonProfileView.swift; sourceTree = "<group>"; };
		356CD87E2991858100EA9D2D /* NavigationCoordinator.swift */ = {isa = PBXFileReference; lastKnownFileType = sourcecode.swift; path = NavigationCoordinator.swift; sourceTree = "<group>"; };
		356CD8802991859D00EA9D2D /* TabCoordinator.swift */ = {isa = PBXFileReference; lastKnownFileType = sourcecode.swift; path = TabCoordinator.swift; sourceTree = "<group>"; };
		356CD88329918E6200EA9D2D /* MainTabController.swift */ = {isa = PBXFileReference; lastKnownFileType = sourcecode.swift; path = MainTabController.swift; sourceTree = "<group>"; };
		356CD88629918EBB00EA9D2D /* BaseTabBarController.swift */ = {isa = PBXFileReference; fileEncoding = 4; lastKnownFileType = sourcecode.swift; path = BaseTabBarController.swift; sourceTree = "<group>"; };
		356CD88729918EBB00EA9D2D /* BaseViewController.swift */ = {isa = PBXFileReference; fileEncoding = 4; lastKnownFileType = sourcecode.swift; path = BaseViewController.swift; sourceTree = "<group>"; };
		356CD88829918EBB00EA9D2D /* BaseView.swift */ = {isa = PBXFileReference; fileEncoding = 4; lastKnownFileType = sourcecode.swift; path = BaseView.swift; sourceTree = "<group>"; };
		35D02D2F2990485000536AB8 /* Coordinator.swift */ = {isa = PBXFileReference; lastKnownFileType = sourcecode.swift; path = Coordinator.swift; sourceTree = "<group>"; };
		35D02D312990486C00536AB8 /* MainCoordinator.swift */ = {isa = PBXFileReference; lastKnownFileType = sourcecode.swift; path = MainCoordinator.swift; sourceTree = "<group>"; };
		35E8415E29929D7000BF537E /* ListTabView.swift */ = {isa = PBXFileReference; lastKnownFileType = sourcecode.swift; path = ListTabView.swift; sourceTree = "<group>"; };
		35E841692992AFD900BF537E /* addView.swift */ = {isa = PBXFileReference; lastKnownFileType = sourcecode.swift; path = addView.swift; sourceTree = "<group>"; };
		35E841712992B0BA00BF537E /* hex.swift */ = {isa = PBXFileReference; lastKnownFileType = sourcecode.swift; path = hex.swift; sourceTree = "<group>"; };
/* End PBXFileReference section */

/* Begin PBXFrameworksBuildPhase section */
		3551F197299028AE00EBA6A3 /* Frameworks */ = {
			isa = PBXFrameworksBuildPhase;
			buildActionMask = 2147483647;
			files = (
			);
			runOnlyForDeploymentPostprocessing = 0;
		};
/* End PBXFrameworksBuildPhase section */

/* Begin PBXGroup section */
		3551F191299028AE00EBA6A3 = {
			isa = PBXGroup;
			children = (
				3551F19C299028AE00EBA6A3 /* never-forget */,
				3551F19B299028AE00EBA6A3 /* Products */,
			);
			sourceTree = "<group>";
		};
		3551F19B299028AE00EBA6A3 /* Products */ = {
			isa = PBXGroup;
			children = (
				3551F19A299028AE00EBA6A3 /* never-forget.app */,
			);
			name = Products;
			sourceTree = "<group>";
		};
		3551F19C299028AE00EBA6A3 /* never-forget */ = {
			isa = PBXGroup;
			children = (
				3551F1B529902AA300EBA6A3 /* App */,
				3551F1B929902DF000EBA6A3 /* Assets */,
				35E8415B299299BE00BF537E /* common */,
				3551F1B829902CF000EBA6A3 /* CoreData */,
				35D02D2E2990484400536AB8 /* Coordinators */,
				356CD88529918E6700EA9D2D /* Extensions */,
				35E841642992AE9200BF537E /* Models */,
				35E841652992AEC200BF537E /* Source */,
				3551F1BA29902E2800EBA6A3 /* SupportingFiles */,
			);
			path = "never-forget";
			sourceTree = "<group>";
		};
		3551F1B529902AA300EBA6A3 /* App */ = {
			isa = PBXGroup;
			children = (
				3551F19D299028AE00EBA6A3 /* AppDelegate.swift */,
				3551F19F299028AE00EBA6A3 /* SceneDelegate.swift */,
			);
			path = App;
			sourceTree = "<group>";
		};
		3551F1B829902CF000EBA6A3 /* CoreData */ = {
			isa = PBXGroup;
			children = (
				355E277B29A28C930038F8BA /* Models */,
				355E274529998F110038F8BA /* Providers */,
				355E27412999886F0038F8BA /* PersistentContainerController.swift */,
			);
			path = CoreData;
			sourceTree = "<group>";
		};
		3551F1B929902DF000EBA6A3 /* Assets */ = {
			isa = PBXGroup;
			children = (
				3551F1A9299028AF00EBA6A3 /* Assets.xcassets */,
			);
			path = Assets;
			sourceTree = "<group>";
		};
		3551F1BA29902E2800EBA6A3 /* SupportingFiles */ = {
			isa = PBXGroup;
			children = (
				3551F1B42990291D00EBA6A3 /* never-forget.entitlements */,
				3551F1AE299028AF00EBA6A3 /* Info.plist */,
				3551F1AB299028AF00EBA6A3 /* LaunchScreen.storyboard */,
			);
			path = SupportingFiles;
			sourceTree = "<group>";
		};
		355E274529998F110038F8BA /* Providers */ = {
			isa = PBXGroup;
			children = (
				355E274329998E7D0038F8BA /* ListTabContainerProvider.swift */,
			);
			path = Providers;
			sourceTree = "<group>";
		};
		355E277129A25AB00038F8BA /* Person */ = {
			isa = PBXGroup;
			children = (
				355E277229A261550038F8BA /* Person+CoreDataClass.swift */,
				355E277329A261550038F8BA /* Person+CoreDataProperties.swift */,
			);
			path = Person;
			sourceTree = "<group>";
		};
		355E277829A289290038F8BA /* MainTab */ = {
			isa = PBXGroup;
			children = (
				3551F1A1299028AE00EBA6A3 /* MainTabView.swift */,
			);
			path = MainTab;
			sourceTree = "<group>";
		};
		355E277929A289320038F8BA /* ListTab */ = {
			isa = PBXGroup;
			children = (
				35E8415E29929D7000BF537E /* ListTabView.swift */,
			);
			path = ListTab;
			sourceTree = "<group>";
		};
		355E277A29A289460038F8BA /* PersonProfile */ = {
			isa = PBXGroup;
			children = (
				355E277629A288D10038F8BA /* PersonProfileView.swift */,
			);
			path = PersonProfile;
			sourceTree = "<group>";
		};
		355E277B29A28C930038F8BA /* Models */ = {
			isa = PBXGroup;
			children = (
				3551F1A6299028AE00EBA6A3 /* ListTab.xcdatamodeld */,
			);
			path = Models;
			sourceTree = "<group>";
		};
		356CD87D2991857100EA9D2D /* Protocols */ = {
			isa = PBXGroup;
			children = (
				35D02D2F2990485000536AB8 /* Coordinator.swift */,
				356CD87E2991858100EA9D2D /* NavigationCoordinator.swift */,
				356CD8802991859D00EA9D2D /* TabCoordinator.swift */,
			);
			path = Protocols;
			sourceTree = "<group>";
		};
		356CD88529918E6700EA9D2D /* Extensions */ = {
			isa = PBXGroup;
			children = (
				35E8416B2992B01C00BF537E /* UIKit */,
			);
			path = Extensions;
			sourceTree = "<group>";
		};
		356CD88E29918EF300EA9D2D /* Views */ = {
			isa = PBXGroup;
			children = (
				35E8416D2992B06800BF537E /* UIKit */,
			);
			path = Views;
			sourceTree = "<group>";
		};
		35D02D2E2990484400536AB8 /* Coordinators */ = {
			isa = PBXGroup;
			children = (
				356CD87D2991857100EA9D2D /* Protocols */,
				35D02D312990486C00536AB8 /* MainCoordinator.swift */,
			);
			path = Coordinators;
			sourceTree = "<group>";
		};
		35E8415B299299BE00BF537E /* common */ = {
			isa = PBXGroup;
			children = (
				356CD88E29918EF300EA9D2D /* Views */,
			);
			path = common;
			sourceTree = "<group>";
		};
		35E841642992AE9200BF537E /* Models */ = {
			isa = PBXGroup;
			children = (
				355E277129A25AB00038F8BA /* Person */,
			);
			path = Models;
			sourceTree = "<group>";
		};
		35E841652992AEC200BF537E /* Source */ = {
			isa = PBXGroup;
			children = (
				35E841682992AEF000BF537E /* Screens */,
				35E841662992AEEA00BF537E /* Modules */,
				35EEDC6E2992B2F200E30265 /* Components */,
				35E841672992AEEC00BF537E /* UI */,
				356CD88329918E6200EA9D2D /* MainTabController.swift */,
			);
			path = Source;
			sourceTree = "<group>";
		};
		35E841662992AEEA00BF537E /* Modules */ = {
			isa = PBXGroup;
			children = (
			);
			path = Modules;
			sourceTree = "<group>";
		};
		35E841672992AEEC00BF537E /* UI */ = {
			isa = PBXGroup;
			children = (
			);
			path = UI;
			sourceTree = "<group>";
		};
		35E841682992AEF000BF537E /* Screens */ = {
			isa = PBXGroup;
			children = (
				355E277829A289290038F8BA /* MainTab */,
				355E277929A289320038F8BA /* ListTab */,
				355E277A29A289460038F8BA /* PersonProfile */,
			);
			path = Screens;
			sourceTree = "<group>";
		};
		35E8416B2992B01C00BF537E /* UIKit */ = {
			isa = PBXGroup;
			children = (
				35E8416E2992B09800BF537E /* UIColor */,
				35E8416C2992B02000BF537E /* UIView */,
			);
			path = UIKit;
			sourceTree = "<group>";
		};
		35E8416C2992B02000BF537E /* UIView */ = {
			isa = PBXGroup;
			children = (
				35E841692992AFD900BF537E /* addView.swift */,
			);
			path = UIView;
			sourceTree = "<group>";
		};
		35E8416D2992B06800BF537E /* UIKit */ = {
			isa = PBXGroup;
			children = (
				356CD88829918EBB00EA9D2D /* BaseView.swift */,
				356CD88729918EBB00EA9D2D /* BaseViewController.swift */,
				356CD88629918EBB00EA9D2D /* BaseTabBarController.swift */,
			);
			path = UIKit;
			sourceTree = "<group>";
		};
		35E8416E2992B09800BF537E /* UIColor */ = {
			isa = PBXGroup;
			children = (
				35E841712992B0BA00BF537E /* hex.swift */,
			);
			path = UIColor;
			sourceTree = "<group>";
		};
		35EEDC6E2992B2F200E30265 /* Components */ = {
			isa = PBXGroup;
			children = (
			);
			path = Components;
			sourceTree = "<group>";
		};
/* End PBXGroup section */

/* Begin PBXNativeTarget section */
		3551F199299028AE00EBA6A3 /* never-forget */ = {
			isa = PBXNativeTarget;
			buildConfigurationList = 3551F1B1299028AF00EBA6A3 /* Build configuration list for PBXNativeTarget "never-forget" */;
			buildPhases = (
				3551F196299028AE00EBA6A3 /* Sources */,
				3551F197299028AE00EBA6A3 /* Frameworks */,
				3551F198299028AE00EBA6A3 /* Resources */,
				3551F1B729902B3900EBA6A3 /* SwiftLint */,
				3551F1B629902B2900EBA6A3 /* SwiftLint */,
			);
			buildRules = (
			);
			dependencies = (
			);
			name = "never-forget";
			productName = "never-forget";
			productReference = 3551F19A299028AE00EBA6A3 /* never-forget.app */;
			productType = "com.apple.product-type.application";
		};
/* End PBXNativeTarget section */

/* Begin PBXProject section */
		3551F192299028AE00EBA6A3 /* Project object */ = {
			isa = PBXProject;
			attributes = {
				BuildIndependentTargetsInParallel = 1;
				LastSwiftUpdateCheck = 1420;
				LastUpgradeCheck = 1420;
				TargetAttributes = {
					3551F199299028AE00EBA6A3 = {
						CreatedOnToolsVersion = 14.2;
					};
				};
			};
			buildConfigurationList = 3551F195299028AE00EBA6A3 /* Build configuration list for PBXProject "never-forget" */;
			compatibilityVersion = "Xcode 14.0";
			developmentRegion = en;
			hasScannedForEncodings = 0;
			knownRegions = (
				en,
				Base,
			);
			mainGroup = 3551F191299028AE00EBA6A3;
			productRefGroup = 3551F19B299028AE00EBA6A3 /* Products */;
			projectDirPath = "";
			projectRoot = "";
			targets = (
				3551F199299028AE00EBA6A3 /* never-forget */,
			);
		};
/* End PBXProject section */

/* Begin PBXResourcesBuildPhase section */
		3551F198299028AE00EBA6A3 /* Resources */ = {
			isa = PBXResourcesBuildPhase;
			buildActionMask = 2147483647;
			files = (
				3551F1AD299028AF00EBA6A3 /* LaunchScreen.storyboard in Resources */,
				3551F1AA299028AF00EBA6A3 /* Assets.xcassets in Resources */,
			);
			runOnlyForDeploymentPostprocessing = 0;
		};
/* End PBXResourcesBuildPhase section */

/* Begin PBXShellScriptBuildPhase section */
		3551F1B629902B2900EBA6A3 /* SwiftLint */ = {
			isa = PBXShellScriptBuildPhase;
			buildActionMask = 2147483647;
			files = (
			);
			inputFileListPaths = (
			);
			inputPaths = (
			);
			name = SwiftLint;
			outputFileListPaths = (
			);
			outputPaths = (
			);
			runOnlyForDeploymentPostprocessing = 0;
			shellPath = /bin/sh;
			shellScript = "export PATH=\"$PATH:/opt/homebrew/bin\"\nif which swiftlint > /dev/null; then\n  swiftlint\nelse\n  echo \"warning: SwiftLint not installed, download from https://github.com/realm/SwiftLint\"\nfi\n";
		};
		3551F1B729902B3900EBA6A3 /* SwiftLint */ = {
			isa = PBXShellScriptBuildPhase;
			buildActionMask = 2147483647;
			files = (
			);
			inputFileListPaths = (
			);
			inputPaths = (
			);
			name = SwiftLint;
			outputFileListPaths = (
			);
			outputPaths = (
			);
			runOnlyForDeploymentPostprocessing = 0;
			shellPath = /bin/sh;
			shellScript = "export PATH=\"$PATH:/opt/homebrew/bin\"\nif which swiftformat > /dev/null; then\n  swiftformat .\nelse\n  echo \"warning: SwiftLint not installed, download from https://github.com/realm/SwiftLint\"\nfi\n";
		};
/* End PBXShellScriptBuildPhase section */

/* Begin PBXSourcesBuildPhase section */
		3551F196299028AE00EBA6A3 /* Sources */ = {
			isa = PBXSourcesBuildPhase;
			buildActionMask = 2147483647;
			files = (
				355E277729A288D10038F8BA /* PersonProfileView.swift in Sources */,
				3551F1A2299028AE00EBA6A3 /* MainTabView.swift in Sources */,
				355E277429A261560038F8BA /* Person+CoreDataClass.swift in Sources */,
				35D02D322990486C00536AB8 /* MainCoordinator.swift in Sources */,
				356CD88A29918EBB00EA9D2D /* BaseViewController.swift in Sources */,
				356CD88B29918EBB00EA9D2D /* BaseView.swift in Sources */,
				356CD88929918EBB00EA9D2D /* BaseTabBarController.swift in Sources */,
				356CD88429918E6200EA9D2D /* MainTabController.swift in Sources */,
				356CD8812991859D00EA9D2D /* TabCoordinator.swift in Sources */,
				355E274429998E7D0038F8BA /* ListTabContainerProvider.swift in Sources */,
				3551F19E299028AE00EBA6A3 /* AppDelegate.swift in Sources */,
				35E8415F29929D7000BF537E /* ListTabView.swift in Sources */,
				35D02D302990485000536AB8 /* Coordinator.swift in Sources */,
				3551F1A0299028AE00EBA6A3 /* SceneDelegate.swift in Sources */,
				3551F1A8299028AE00EBA6A3 /* ListTab.xcdatamodeld in Sources */,
				355E27422999886F0038F8BA /* PersistentContainerController.swift in Sources */,
				355E277529A261560038F8BA /* Person+CoreDataProperties.swift in Sources */,
				35E8416A2992AFD900BF537E /* addView.swift in Sources */,
				356CD87F2991858100EA9D2D /* NavigationCoordinator.swift in Sources */,
				35E841722992B0BA00BF537E /* hex.swift in Sources */,
			);
			runOnlyForDeploymentPostprocessing = 0;
		};
/* End PBXSourcesBuildPhase section */

/* Begin PBXVariantGroup section */
		3551F1AB299028AF00EBA6A3 /* LaunchScreen.storyboard */ = {
			isa = PBXVariantGroup;
			children = (
				3551F1AC299028AF00EBA6A3 /* Base */,
			);
			name = LaunchScreen.storyboard;
			sourceTree = "<group>";
		};
/* End PBXVariantGroup section */

/* Begin XCBuildConfiguration section */
		3551F1AF299028AF00EBA6A3 /* Debug */ = {
			isa = XCBuildConfiguration;
			buildSettings = {
				ALWAYS_SEARCH_USER_PATHS = NO;
				CLANG_ANALYZER_NONNULL = YES;
				CLANG_ANALYZER_NUMBER_OBJECT_CONVERSION = YES_AGGRESSIVE;
				CLANG_CXX_LANGUAGE_STANDARD = "gnu++20";
				CLANG_ENABLE_MODULES = YES;
				CLANG_ENABLE_OBJC_ARC = YES;
				CLANG_ENABLE_OBJC_WEAK = YES;
				CLANG_WARN_BLOCK_CAPTURE_AUTORELEASING = YES;
				CLANG_WARN_BOOL_CONVERSION = YES;
				CLANG_WARN_COMMA = YES;
				CLANG_WARN_CONSTANT_CONVERSION = YES;
				CLANG_WARN_DEPRECATED_OBJC_IMPLEMENTATIONS = YES;
				CLANG_WARN_DIRECT_OBJC_ISA_USAGE = YES_ERROR;
				CLANG_WARN_DOCUMENTATION_COMMENTS = YES;
				CLANG_WARN_EMPTY_BODY = YES;
				CLANG_WARN_ENUM_CONVERSION = YES;
				CLANG_WARN_INFINITE_RECURSION = YES;
				CLANG_WARN_INT_CONVERSION = YES;
				CLANG_WARN_NON_LITERAL_NULL_CONVERSION = YES;
				CLANG_WARN_OBJC_IMPLICIT_RETAIN_SELF = YES;
				CLANG_WARN_OBJC_LITERAL_CONVERSION = YES;
				CLANG_WARN_OBJC_ROOT_CLASS = YES_ERROR;
				CLANG_WARN_QUOTED_INCLUDE_IN_FRAMEWORK_HEADER = YES;
				CLANG_WARN_RANGE_LOOP_ANALYSIS = YES;
				CLANG_WARN_STRICT_PROTOTYPES = YES;
				CLANG_WARN_SUSPICIOUS_MOVE = YES;
				CLANG_WARN_UNGUARDED_AVAILABILITY = YES_AGGRESSIVE;
				CLANG_WARN_UNREACHABLE_CODE = YES;
				CLANG_WARN__DUPLICATE_METHOD_MATCH = YES;
				COPY_PHASE_STRIP = NO;
				DEBUG_INFORMATION_FORMAT = dwarf;
				ENABLE_STRICT_OBJC_MSGSEND = YES;
				ENABLE_TESTABILITY = YES;
				GCC_C_LANGUAGE_STANDARD = gnu11;
				GCC_DYNAMIC_NO_PIC = NO;
				GCC_NO_COMMON_BLOCKS = YES;
				GCC_OPTIMIZATION_LEVEL = 0;
				GCC_PREPROCESSOR_DEFINITIONS = (
					"DEBUG=1",
					"$(inherited)",
				);
				GCC_WARN_64_TO_32_BIT_CONVERSION = YES;
				GCC_WARN_ABOUT_RETURN_TYPE = YES_ERROR;
				GCC_WARN_UNDECLARED_SELECTOR = YES;
				GCC_WARN_UNINITIALIZED_AUTOS = YES_AGGRESSIVE;
				GCC_WARN_UNUSED_FUNCTION = YES;
				GCC_WARN_UNUSED_VARIABLE = YES;
				IPHONEOS_DEPLOYMENT_TARGET = 16.2;
				MTL_ENABLE_DEBUG_INFO = INCLUDE_SOURCE;
				MTL_FAST_MATH = YES;
				ONLY_ACTIVE_ARCH = YES;
				SDKROOT = iphoneos;
				SWIFT_ACTIVE_COMPILATION_CONDITIONS = DEBUG;
				SWIFT_OPTIMIZATION_LEVEL = "-Onone";
			};
			name = Debug;
		};
		3551F1B0299028AF00EBA6A3 /* Release */ = {
			isa = XCBuildConfiguration;
			buildSettings = {
				ALWAYS_SEARCH_USER_PATHS = NO;
				CLANG_ANALYZER_NONNULL = YES;
				CLANG_ANALYZER_NUMBER_OBJECT_CONVERSION = YES_AGGRESSIVE;
				CLANG_CXX_LANGUAGE_STANDARD = "gnu++20";
				CLANG_ENABLE_MODULES = YES;
				CLANG_ENABLE_OBJC_ARC = YES;
				CLANG_ENABLE_OBJC_WEAK = YES;
				CLANG_WARN_BLOCK_CAPTURE_AUTORELEASING = YES;
				CLANG_WARN_BOOL_CONVERSION = YES;
				CLANG_WARN_COMMA = YES;
				CLANG_WARN_CONSTANT_CONVERSION = YES;
				CLANG_WARN_DEPRECATED_OBJC_IMPLEMENTATIONS = YES;
				CLANG_WARN_DIRECT_OBJC_ISA_USAGE = YES_ERROR;
				CLANG_WARN_DOCUMENTATION_COMMENTS = YES;
				CLANG_WARN_EMPTY_BODY = YES;
				CLANG_WARN_ENUM_CONVERSION = YES;
				CLANG_WARN_INFINITE_RECURSION = YES;
				CLANG_WARN_INT_CONVERSION = YES;
				CLANG_WARN_NON_LITERAL_NULL_CONVERSION = YES;
				CLANG_WARN_OBJC_IMPLICIT_RETAIN_SELF = YES;
				CLANG_WARN_OBJC_LITERAL_CONVERSION = YES;
				CLANG_WARN_OBJC_ROOT_CLASS = YES_ERROR;
				CLANG_WARN_QUOTED_INCLUDE_IN_FRAMEWORK_HEADER = YES;
				CLANG_WARN_RANGE_LOOP_ANALYSIS = YES;
				CLANG_WARN_STRICT_PROTOTYPES = YES;
				CLANG_WARN_SUSPICIOUS_MOVE = YES;
				CLANG_WARN_UNGUARDED_AVAILABILITY = YES_AGGRESSIVE;
				CLANG_WARN_UNREACHABLE_CODE = YES;
				CLANG_WARN__DUPLICATE_METHOD_MATCH = YES;
				COPY_PHASE_STRIP = NO;
				DEBUG_INFORMATION_FORMAT = "dwarf-with-dsym";
				ENABLE_NS_ASSERTIONS = NO;
				ENABLE_STRICT_OBJC_MSGSEND = YES;
				GCC_C_LANGUAGE_STANDARD = gnu11;
				GCC_NO_COMMON_BLOCKS = YES;
				GCC_WARN_64_TO_32_BIT_CONVERSION = YES;
				GCC_WARN_ABOUT_RETURN_TYPE = YES_ERROR;
				GCC_WARN_UNDECLARED_SELECTOR = YES;
				GCC_WARN_UNINITIALIZED_AUTOS = YES_AGGRESSIVE;
				GCC_WARN_UNUSED_FUNCTION = YES;
				GCC_WARN_UNUSED_VARIABLE = YES;
				IPHONEOS_DEPLOYMENT_TARGET = 16.2;
				MTL_ENABLE_DEBUG_INFO = NO;
				MTL_FAST_MATH = YES;
				SDKROOT = iphoneos;
				SWIFT_COMPILATION_MODE = wholemodule;
				SWIFT_OPTIMIZATION_LEVEL = "-O";
				VALIDATE_PRODUCT = YES;
			};
			name = Release;
		};
		3551F1B2299028AF00EBA6A3 /* Debug */ = {
			isa = XCBuildConfiguration;
			buildSettings = {
				ASSETCATALOG_COMPILER_APPICON_NAME = AppIcon;
				ASSETCATALOG_COMPILER_GLOBAL_ACCENT_COLOR_NAME = AccentColor;
				CODE_SIGN_ENTITLEMENTS = "never-forget/SupportingFiles/never-forget.entitlements";
				CODE_SIGN_STYLE = Automatic;
				CURRENT_PROJECT_VERSION = 1;
				DEVELOPMENT_TEAM = 3LK6LB7235;
				GENERATE_INFOPLIST_FILE = YES;
				INFOPLIST_FILE = "never-forget/SupportingFiles/Info.plist";
				INFOPLIST_KEY_UIApplicationSupportsIndirectInputEvents = YES;
				INFOPLIST_KEY_UILaunchStoryboardName = LaunchScreen;
				INFOPLIST_KEY_UISupportedInterfaceOrientations = UIInterfaceOrientationPortrait;
				INFOPLIST_KEY_UISupportedInterfaceOrientations_iPad = "UIInterfaceOrientationLandscapeLeft UIInterfaceOrientationLandscapeRight UIInterfaceOrientationPortrait UIInterfaceOrientationPortraitUpsideDown";
				IPHONEOS_DEPLOYMENT_TARGET = 15.0;
				LD_RUNPATH_SEARCH_PATHS = (
					"$(inherited)",
					"@executable_path/Frameworks",
				);
				MARKETING_VERSION = 1.0;
				PRODUCT_BUNDLE_IDENTIFIER = "makar.urbanov.never-forget";
				PRODUCT_NAME = "$(TARGET_NAME)";
				SUPPORTED_PLATFORMS = "iphoneos iphonesimulator";
				SUPPORTS_MACCATALYST = NO;
				SUPPORTS_MAC_DESIGNED_FOR_IPHONE_IPAD = YES;
				SWIFT_EMIT_LOC_STRINGS = YES;
				SWIFT_VERSION = 5.0;
				TARGETED_DEVICE_FAMILY = 1;
			};
			name = Debug;
		};
		3551F1B3299028AF00EBA6A3 /* Release */ = {
			isa = XCBuildConfiguration;
			buildSettings = {
				ASSETCATALOG_COMPILER_APPICON_NAME = AppIcon;
				ASSETCATALOG_COMPILER_GLOBAL_ACCENT_COLOR_NAME = AccentColor;
				CODE_SIGN_ENTITLEMENTS = "never-forget/SupportingFiles/never-forget.entitlements";
				CODE_SIGN_STYLE = Automatic;
				CURRENT_PROJECT_VERSION = 1;
				DEVELOPMENT_TEAM = 3LK6LB7235;
				GENERATE_INFOPLIST_FILE = YES;
				INFOPLIST_FILE = "never-forget/SupportingFiles/Info.plist";
				INFOPLIST_KEY_UIApplicationSupportsIndirectInputEvents = YES;
				INFOPLIST_KEY_UILaunchStoryboardName = LaunchScreen;
				INFOPLIST_KEY_UISupportedInterfaceOrientations = UIInterfaceOrientationPortrait;
				INFOPLIST_KEY_UISupportedInterfaceOrientations_iPad = "UIInterfaceOrientationLandscapeLeft UIInterfaceOrientationLandscapeRight UIInterfaceOrientationPortrait UIInterfaceOrientationPortraitUpsideDown";
				IPHONEOS_DEPLOYMENT_TARGET = 15.0;
				LD_RUNPATH_SEARCH_PATHS = (
					"$(inherited)",
					"@executable_path/Frameworks",
				);
				MARKETING_VERSION = 1.0;
				PRODUCT_BUNDLE_IDENTIFIER = "makar.urbanov.never-forget";
				PRODUCT_NAME = "$(TARGET_NAME)";
				SUPPORTED_PLATFORMS = "iphoneos iphonesimulator";
				SUPPORTS_MACCATALYST = NO;
				SUPPORTS_MAC_DESIGNED_FOR_IPHONE_IPAD = YES;
				SWIFT_EMIT_LOC_STRINGS = YES;
				SWIFT_VERSION = 5.0;
				TARGETED_DEVICE_FAMILY = 1;
			};
			name = Release;
		};
/* End XCBuildConfiguration section */

/* Begin XCConfigurationList section */
		3551F195299028AE00EBA6A3 /* Build configuration list for PBXProject "never-forget" */ = {
			isa = XCConfigurationList;
			buildConfigurations = (
				3551F1AF299028AF00EBA6A3 /* Debug */,
				3551F1B0299028AF00EBA6A3 /* Release */,
			);
			defaultConfigurationIsVisible = 0;
			defaultConfigurationName = Release;
		};
		3551F1B1299028AF00EBA6A3 /* Build configuration list for PBXNativeTarget "never-forget" */ = {
			isa = XCConfigurationList;
			buildConfigurations = (
				3551F1B2299028AF00EBA6A3 /* Debug */,
				3551F1B3299028AF00EBA6A3 /* Release */,
			);
			defaultConfigurationIsVisible = 0;
			defaultConfigurationName = Release;
		};
/* End XCConfigurationList section */

/* Begin XCVersionGroup section */
		3551F1A6299028AE00EBA6A3 /* ListTab.xcdatamodeld */ = {
			isa = XCVersionGroup;
			children = (
				3551F1A7299028AE00EBA6A3 /* never_forget.xcdatamodel */,
			);
			currentVersion = 3551F1A7299028AE00EBA6A3 /* never_forget.xcdatamodel */;
			path = ListTab.xcdatamodeld;
			sourceTree = "<group>";
			versionGroupType = wrapper.xcdatamodel;
		};
/* End XCVersionGroup section */
	};
	rootObject = 3551F192299028AE00EBA6A3 /* Project object */;
}
