// !$*UTF8*$!
{
	archiveVersion = 1;
	classes = {
	};
	objectVersion = 56;
	objects = {

/* Begin PBXBuildFile section */
		350BE5B929ABDD5B00A40F17 /* Binding+OptionalInit.swift in Sources */ = {isa = PBXBuildFile; fileRef = 350BE5B829ABDD5B00A40F17 /* Binding+OptionalInit.swift */; };
		352114F329A8DA4D00559988 /* RootCoordinator.swift in Sources */ = {isa = PBXBuildFile; fileRef = 352114F229A8DA4D00559988 /* RootCoordinator.swift */; };
		352114FC29A8EC4900559988 /* MainScreenCoordinator.swift in Sources */ = {isa = PBXBuildFile; fileRef = 352114FB29A8EC4900559988 /* MainScreenCoordinator.swift */; };
		352114FF29A8F2F500559988 /* PeopleListCoordinator.swift in Sources */ = {isa = PBXBuildFile; fileRef = 352114FE29A8F2F500559988 /* PeopleListCoordinator.swift */; };
		3521150129A8F76F00559988 /* PeopleListView.swift in Sources */ = {isa = PBXBuildFile; fileRef = 3521150029A8F76F00559988 /* PeopleListView.swift */; };
		3521150A29A8FF5A00559988 /* PersonProfileView.swift in Sources */ = {isa = PBXBuildFile; fileRef = 3521150929A8FF5A00559988 /* PersonProfileView.swift */; };
		3521150D29A9099A00559988 /* PeopleListScreenViewModel.swift in Sources */ = {isa = PBXBuildFile; fileRef = 3521150C29A9099A00559988 /* PeopleListScreenViewModel.swift */; };
		3521151029A90EA200559988 /* PersonProfileViewModel.swift in Sources */ = {isa = PBXBuildFile; fileRef = 3521150F29A90EA200559988 /* PersonProfileViewModel.swift */; };
		3521151229A920CD00559988 /* String+trimmed.swift in Sources */ = {isa = PBXBuildFile; fileRef = 3521151129A920CD00559988 /* String+trimmed.swift */; };
		3533AFF529AA470800BA2F5F /* AlertManager.swift in Sources */ = {isa = PBXBuildFile; fileRef = 3533AFF429AA470800BA2F5F /* AlertManager.swift */; };
		3533AFF729AA692B00BA2F5F /* FormPhotoPickerView.swift in Sources */ = {isa = PBXBuildFile; fileRef = 3533AFF629AA692B00BA2F5F /* FormPhotoPickerView.swift */; };
		3533AFFB29AA6DE800BA2F5F /* PeopleListViewModel.swift in Sources */ = {isa = PBXBuildFile; fileRef = 3533AFFA29AA6DE800BA2F5F /* PeopleListViewModel.swift */; };
		3533B00629AB916300BA2F5F /* PersonProfileHeaderButtons.swift in Sources */ = {isa = PBXBuildFile; fileRef = 3533B00529AB916300BA2F5F /* PersonProfileHeaderButtons.swift */; };
		3542517B29A78D1F005174DA /* BaseUINavigationController.swift in Sources */ = {isa = PBXBuildFile; fileRef = 3542517A29A78D1F005174DA /* BaseUINavigationController.swift */; };
		354E42EB29A7A5E100A99389 /* UINavigationController+navigate.swift in Sources */ = {isa = PBXBuildFile; fileRef = 354E42EA29A7A5E100A99389 /* UINavigationController+navigate.swift */; };
		354E42ED29A7A66F00A99389 /* NavigationSteps.swift in Sources */ = {isa = PBXBuildFile; fileRef = 354E42EC29A7A66F00A99389 /* NavigationSteps.swift */; };
		3551F19E299028AE00EBA6A3 /* AppDelegate.swift in Sources */ = {isa = PBXBuildFile; fileRef = 3551F19D299028AE00EBA6A3 /* AppDelegate.swift */; };
		3551F1A0299028AE00EBA6A3 /* SceneDelegate.swift in Sources */ = {isa = PBXBuildFile; fileRef = 3551F19F299028AE00EBA6A3 /* SceneDelegate.swift */; };
		3551F1A2299028AE00EBA6A3 /* MainScreenView.swift in Sources */ = {isa = PBXBuildFile; fileRef = 3551F1A1299028AE00EBA6A3 /* MainScreenView.swift */; };
		3551F1A8299028AE00EBA6A3 /* NeverForgetModels.xcdatamodeld in Sources */ = {isa = PBXBuildFile; fileRef = 3551F1A6299028AE00EBA6A3 /* NeverForgetModels.xcdatamodeld */; };
		3551F1AD299028AF00EBA6A3 /* LaunchScreen.storyboard in Resources */ = {isa = PBXBuildFile; fileRef = 3551F1AB299028AF00EBA6A3 /* LaunchScreen.storyboard */; };
		355E27422999886F0038F8BA /* PersistentContainerController.swift in Sources */ = {isa = PBXBuildFile; fileRef = 355E27412999886F0038F8BA /* PersistentContainerController.swift */; };
		355E274429998E7D0038F8BA /* PersistentContainerProvider.swift in Sources */ = {isa = PBXBuildFile; fileRef = 355E274329998E7D0038F8BA /* PersistentContainerProvider.swift */; };
		355E277429A261560038F8BA /* Person+CoreDataClass.swift in Sources */ = {isa = PBXBuildFile; fileRef = 355E277229A261550038F8BA /* Person+CoreDataClass.swift */; };
		355E277529A261560038F8BA /* Person+CoreDataProperties.swift in Sources */ = {isa = PBXBuildFile; fileRef = 355E277329A261550038F8BA /* Person+CoreDataProperties.swift */; };
		355E277E29A28FFF0038F8BA /* PeopleListScreenView.swift in Sources */ = {isa = PBXBuildFile; fileRef = 355E277D29A28FFF0038F8BA /* PeopleListScreenView.swift */; };
		355E278329A2B6A00038F8BA /* PersonCellView.swift in Sources */ = {isa = PBXBuildFile; fileRef = 355E278229A2B6A00038F8BA /* PersonCellView.swift */; };
		355E278729A2BDE30038F8BA /* Localizable.strings in Resources */ = {isa = PBXBuildFile; fileRef = 355E278929A2BDE30038F8BA /* Localizable.strings */; };
		355E278C29A2BF2B0038F8BA /* Localizable.swift in Sources */ = {isa = PBXBuildFile; fileRef = 355E278B29A2BF2B0038F8BA /* Localizable.swift */; };
		355E278F29A2CFDD0038F8BA /* String+localizedString.swift in Sources */ = {isa = PBXBuildFile; fileRef = 355E278E29A2CFDD0038F8BA /* String+localizedString.swift */; };
		355E279529A2D3D50038F8BA /* LocalizedStringKey+toStringKey.swift in Sources */ = {isa = PBXBuildFile; fileRef = 355E279429A2D3D50038F8BA /* LocalizedStringKey+toStringKey.swift */; };
		355E279729A2D3FF0038F8BA /* LocalizedStringKey+toString.swift in Sources */ = {isa = PBXBuildFile; fileRef = 355E279629A2D3FF0038F8BA /* LocalizedStringKey+toString.swift */; };
		355E279C29A5508B0038F8BA /* Color+Theme.swift in Sources */ = {isa = PBXBuildFile; fileRef = 355E279B29A5508B0038F8BA /* Color+Theme.swift */; };
		355E27A029A555FD0038F8BA /* Color+uiColor.swift in Sources */ = {isa = PBXBuildFile; fileRef = 355E279F29A555FD0038F8BA /* Color+uiColor.swift */; };
		355E27A329A55B770038F8BA /* Colors.xcassets in Resources */ = {isa = PBXBuildFile; fileRef = 355E27A229A55B770038F8BA /* Colors.xcassets */; };
		355E27A529A55C130038F8BA /* Images.xcassets in Resources */ = {isa = PBXBuildFile; fileRef = 355E27A429A55C130038F8BA /* Images.xcassets */; };
		356CD87F2991858100EA9D2D /* NavigationCoordinator.swift in Sources */ = {isa = PBXBuildFile; fileRef = 356CD87E2991858100EA9D2D /* NavigationCoordinator.swift */; };
		356CD8812991859D00EA9D2D /* TabCoordinator.swift in Sources */ = {isa = PBXBuildFile; fileRef = 356CD8802991859D00EA9D2D /* TabCoordinator.swift */; };
		356CD88929918EBB00EA9D2D /* BaseUITabBarController.swift in Sources */ = {isa = PBXBuildFile; fileRef = 356CD88629918EBB00EA9D2D /* BaseUITabBarController.swift */; };
		356CD88A29918EBB00EA9D2D /* BaseUIViewController.swift in Sources */ = {isa = PBXBuildFile; fileRef = 356CD88729918EBB00EA9D2D /* BaseUIViewController.swift */; };
		356CD88B29918EBB00EA9D2D /* BaseUIView.swift in Sources */ = {isa = PBXBuildFile; fileRef = 356CD88829918EBB00EA9D2D /* BaseUIView.swift */; };
		35D02D302990485000536AB8 /* Coordinator.swift in Sources */ = {isa = PBXBuildFile; fileRef = 35D02D2F2990485000536AB8 /* Coordinator.swift */; };
		35D02D322990486C00536AB8 /* MainFlowCoordinator.swift in Sources */ = {isa = PBXBuildFile; fileRef = 35D02D312990486C00536AB8 /* MainFlowCoordinator.swift */; };
		35E8416A2992AFD900BF537E /* UIView+addView.swift in Sources */ = {isa = PBXBuildFile; fileRef = 35E841692992AFD900BF537E /* UIView+addView.swift */; };
		35E841722992B0BA00BF537E /* UIColor+hex.swift in Sources */ = {isa = PBXBuildFile; fileRef = 35E841712992B0BA00BF537E /* UIColor+hex.swift */; };
/* End PBXBuildFile section */

/* Begin PBXFileReference section */
		350BE5B829ABDD5B00A40F17 /* Binding+OptionalInit.swift */ = {isa = PBXFileReference; lastKnownFileType = sourcecode.swift; path = "Binding+OptionalInit.swift"; sourceTree = "<group>"; };
		352114F229A8DA4D00559988 /* RootCoordinator.swift */ = {isa = PBXFileReference; lastKnownFileType = sourcecode.swift; path = RootCoordinator.swift; sourceTree = "<group>"; };
		352114FB29A8EC4900559988 /* MainScreenCoordinator.swift */ = {isa = PBXFileReference; lastKnownFileType = sourcecode.swift; path = MainScreenCoordinator.swift; sourceTree = "<group>"; };
		352114FE29A8F2F500559988 /* PeopleListCoordinator.swift */ = {isa = PBXFileReference; lastKnownFileType = sourcecode.swift; path = PeopleListCoordinator.swift; sourceTree = "<group>"; };
		3521150029A8F76F00559988 /* PeopleListView.swift */ = {isa = PBXFileReference; lastKnownFileType = sourcecode.swift; path = PeopleListView.swift; sourceTree = "<group>"; };
		3521150929A8FF5A00559988 /* PersonProfileView.swift */ = {isa = PBXFileReference; lastKnownFileType = sourcecode.swift; path = PersonProfileView.swift; sourceTree = "<group>"; };
		3521150C29A9099A00559988 /* PeopleListScreenViewModel.swift */ = {isa = PBXFileReference; lastKnownFileType = sourcecode.swift; path = PeopleListScreenViewModel.swift; sourceTree = "<group>"; };
		3521150F29A90EA200559988 /* PersonProfileViewModel.swift */ = {isa = PBXFileReference; lastKnownFileType = sourcecode.swift; path = PersonProfileViewModel.swift; sourceTree = "<group>"; };
		3521151129A920CD00559988 /* String+trimmed.swift */ = {isa = PBXFileReference; lastKnownFileType = sourcecode.swift; path = "String+trimmed.swift"; sourceTree = "<group>"; };
		3533AFF429AA470800BA2F5F /* AlertManager.swift */ = {isa = PBXFileReference; lastKnownFileType = sourcecode.swift; path = AlertManager.swift; sourceTree = "<group>"; };
		3533AFF629AA692B00BA2F5F /* FormPhotoPickerView.swift */ = {isa = PBXFileReference; lastKnownFileType = sourcecode.swift; path = FormPhotoPickerView.swift; sourceTree = "<group>"; };
		3533AFFA29AA6DE800BA2F5F /* PeopleListViewModel.swift */ = {isa = PBXFileReference; lastKnownFileType = sourcecode.swift; path = PeopleListViewModel.swift; sourceTree = "<group>"; };
		3533B00529AB916300BA2F5F /* PersonProfileHeaderButtons.swift */ = {isa = PBXFileReference; lastKnownFileType = sourcecode.swift; path = PersonProfileHeaderButtons.swift; sourceTree = "<group>"; };
		3542517A29A78D1F005174DA /* BaseUINavigationController.swift */ = {isa = PBXFileReference; lastKnownFileType = sourcecode.swift; path = BaseUINavigationController.swift; sourceTree = "<group>"; };
		354E42EA29A7A5E100A99389 /* UINavigationController+navigate.swift */ = {isa = PBXFileReference; lastKnownFileType = sourcecode.swift; path = "UINavigationController+navigate.swift"; sourceTree = "<group>"; };
		354E42EC29A7A66F00A99389 /* NavigationSteps.swift */ = {isa = PBXFileReference; lastKnownFileType = sourcecode.swift; path = NavigationSteps.swift; sourceTree = "<group>"; };
		3551F19A299028AE00EBA6A3 /* never-forget.app */ = {isa = PBXFileReference; explicitFileType = wrapper.application; includeInIndex = 0; path = "never-forget.app"; sourceTree = BUILT_PRODUCTS_DIR; };
		3551F19D299028AE00EBA6A3 /* AppDelegate.swift */ = {isa = PBXFileReference; lastKnownFileType = sourcecode.swift; path = AppDelegate.swift; sourceTree = "<group>"; };
		3551F19F299028AE00EBA6A3 /* SceneDelegate.swift */ = {isa = PBXFileReference; lastKnownFileType = sourcecode.swift; path = SceneDelegate.swift; sourceTree = "<group>"; };
		3551F1A1299028AE00EBA6A3 /* MainScreenView.swift */ = {isa = PBXFileReference; lastKnownFileType = sourcecode.swift; path = MainScreenView.swift; sourceTree = "<group>"; };
		3551F1A7299028AE00EBA6A3 /* never_forget.xcdatamodel */ = {isa = PBXFileReference; lastKnownFileType = wrapper.xcdatamodel; path = never_forget.xcdatamodel; sourceTree = "<group>"; };
		3551F1AC299028AF00EBA6A3 /* Base */ = {isa = PBXFileReference; lastKnownFileType = file.storyboard; name = Base; path = Base.lproj/LaunchScreen.storyboard; sourceTree = "<group>"; };
		3551F1AE299028AF00EBA6A3 /* Info.plist */ = {isa = PBXFileReference; lastKnownFileType = text.plist.xml; path = Info.plist; sourceTree = "<group>"; };
		3551F1B42990291D00EBA6A3 /* never-forget.entitlements */ = {isa = PBXFileReference; lastKnownFileType = text.plist.entitlements; path = "never-forget.entitlements"; sourceTree = "<group>"; };
		355E27412999886F0038F8BA /* PersistentContainerController.swift */ = {isa = PBXFileReference; lastKnownFileType = sourcecode.swift; path = PersistentContainerController.swift; sourceTree = "<group>"; };
		355E274329998E7D0038F8BA /* PersistentContainerProvider.swift */ = {isa = PBXFileReference; lastKnownFileType = sourcecode.swift; path = PersistentContainerProvider.swift; sourceTree = "<group>"; };
		355E277229A261550038F8BA /* Person+CoreDataClass.swift */ = {isa = PBXFileReference; lastKnownFileType = sourcecode.swift; path = "Person+CoreDataClass.swift"; sourceTree = "<group>"; };
		355E277329A261550038F8BA /* Person+CoreDataProperties.swift */ = {isa = PBXFileReference; lastKnownFileType = sourcecode.swift; path = "Person+CoreDataProperties.swift"; sourceTree = "<group>"; };
		355E277D29A28FFF0038F8BA /* PeopleListScreenView.swift */ = {isa = PBXFileReference; lastKnownFileType = sourcecode.swift; path = PeopleListScreenView.swift; sourceTree = "<group>"; };
		355E278229A2B6A00038F8BA /* PersonCellView.swift */ = {isa = PBXFileReference; lastKnownFileType = sourcecode.swift; path = PersonCellView.swift; sourceTree = "<group>"; };
		355E278829A2BDE30038F8BA /* en */ = {isa = PBXFileReference; lastKnownFileType = text.plist.strings; name = en; path = en.lproj/Localizable.strings; sourceTree = "<group>"; };
		355E278A29A2BEA00038F8BA /* ru */ = {isa = PBXFileReference; lastKnownFileType = text.plist.strings; name = ru; path = ru.lproj/Localizable.strings; sourceTree = "<group>"; };
		355E278B29A2BF2B0038F8BA /* Localizable.swift */ = {isa = PBXFileReference; lastKnownFileType = sourcecode.swift; path = Localizable.swift; sourceTree = "<group>"; };
		355E278E29A2CFDD0038F8BA /* String+localizedString.swift */ = {isa = PBXFileReference; lastKnownFileType = sourcecode.swift; path = "String+localizedString.swift"; sourceTree = "<group>"; };
		355E279429A2D3D50038F8BA /* LocalizedStringKey+toStringKey.swift */ = {isa = PBXFileReference; lastKnownFileType = sourcecode.swift; path = "LocalizedStringKey+toStringKey.swift"; sourceTree = "<group>"; };
		355E279629A2D3FF0038F8BA /* LocalizedStringKey+toString.swift */ = {isa = PBXFileReference; lastKnownFileType = sourcecode.swift; path = "LocalizedStringKey+toString.swift"; sourceTree = "<group>"; };
		355E279B29A5508B0038F8BA /* Color+Theme.swift */ = {isa = PBXFileReference; lastKnownFileType = sourcecode.swift; path = "Color+Theme.swift"; sourceTree = "<group>"; };
		355E279F29A555FD0038F8BA /* Color+uiColor.swift */ = {isa = PBXFileReference; lastKnownFileType = sourcecode.swift; path = "Color+uiColor.swift"; sourceTree = "<group>"; };
		355E27A229A55B770038F8BA /* Colors.xcassets */ = {isa = PBXFileReference; lastKnownFileType = folder.assetcatalog; path = Colors.xcassets; sourceTree = "<group>"; };
		355E27A429A55C130038F8BA /* Images.xcassets */ = {isa = PBXFileReference; lastKnownFileType = folder.assetcatalog; path = Images.xcassets; sourceTree = "<group>"; };
		356CD87E2991858100EA9D2D /* NavigationCoordinator.swift */ = {isa = PBXFileReference; lastKnownFileType = sourcecode.swift; path = NavigationCoordinator.swift; sourceTree = "<group>"; };
		356CD8802991859D00EA9D2D /* TabCoordinator.swift */ = {isa = PBXFileReference; lastKnownFileType = sourcecode.swift; path = TabCoordinator.swift; sourceTree = "<group>"; };
		356CD88629918EBB00EA9D2D /* BaseUITabBarController.swift */ = {isa = PBXFileReference; fileEncoding = 4; lastKnownFileType = sourcecode.swift; path = BaseUITabBarController.swift; sourceTree = "<group>"; };
		356CD88729918EBB00EA9D2D /* BaseUIViewController.swift */ = {isa = PBXFileReference; fileEncoding = 4; lastKnownFileType = sourcecode.swift; path = BaseUIViewController.swift; sourceTree = "<group>"; };
		356CD88829918EBB00EA9D2D /* BaseUIView.swift */ = {isa = PBXFileReference; fileEncoding = 4; lastKnownFileType = sourcecode.swift; path = BaseUIView.swift; sourceTree = "<group>"; };
		35D02D2F2990485000536AB8 /* Coordinator.swift */ = {isa = PBXFileReference; lastKnownFileType = sourcecode.swift; path = Coordinator.swift; sourceTree = "<group>"; };
		35D02D312990486C00536AB8 /* MainFlowCoordinator.swift */ = {isa = PBXFileReference; lastKnownFileType = sourcecode.swift; path = MainFlowCoordinator.swift; sourceTree = "<group>"; };
		35E841692992AFD900BF537E /* UIView+addView.swift */ = {isa = PBXFileReference; lastKnownFileType = sourcecode.swift; path = "UIView+addView.swift"; sourceTree = "<group>"; };
		35E841712992B0BA00BF537E /* UIColor+hex.swift */ = {isa = PBXFileReference; lastKnownFileType = sourcecode.swift; path = "UIColor+hex.swift"; sourceTree = "<group>"; };
/* End PBXFileReference section */

/* Begin PBXFrameworksBuildPhase section */
		3551F197299028AE00EBA6A3 /* Frameworks */ = {
			isa = PBXFrameworksBuildPhase;
			buildActionMask = 2147483647;
			files = (
			);
			runOnlyForDeploymentPostprocessing = 0;
		};
/* End PBXFrameworksBuildPhase section */

/* Begin PBXGroup section */
		350BE5B529ABD8F600A40F17 /* Utils */ = {
			isa = PBXGroup;
			children = (
			);
			path = Utils;
			sourceTree = "<group>";
		};
		352114F129A8DA3500559988 /* Protocols */ = {
			isa = PBXGroup;
			children = (
				35D02D2F2990485000536AB8 /* Coordinator.swift */,
				356CD87E2991858100EA9D2D /* NavigationCoordinator.swift */,
				356CD8802991859D00EA9D2D /* TabCoordinator.swift */,
			);
			path = Protocols;
			sourceTree = "<group>";
		};
		352114F929A8EB4C00559988 /* MainFlow */ = {
			isa = PBXGroup;
			children = (
				35D02D312990486C00536AB8 /* MainFlowCoordinator.swift */,
			);
			path = MainFlow;
			sourceTree = "<group>";
		};
		352114FA29A8EC4100559988 /* Coordinators */ = {
			isa = PBXGroup;
			children = (
				352114FB29A8EC4900559988 /* MainScreenCoordinator.swift */,
			);
			path = Coordinators;
			sourceTree = "<group>";
		};
		352114FD29A8F2E700559988 /* Coordinators */ = {
			isa = PBXGroup;
			children = (
				352114FE29A8F2F500559988 /* PeopleListCoordinator.swift */,
			);
			path = Coordinators;
			sourceTree = "<group>";
		};
		3521150229A8F7AC00559988 /* PeopleList */ = {
			isa = PBXGroup;
			children = (
				355E278129A2B6900038F8BA /* PeopleCell */,
				3521150029A8F76F00559988 /* PeopleListView.swift */,
			);
			path = PeopleList;
			sourceTree = "<group>";
		};
		3521150329A8FF0200559988 /* PersonProfile */ = {
			isa = PBXGroup;
			children = (
				3533AFFD29AB853900BA2F5F /* Utils */,
				3521150E29A90E9400559988 /* ViewModels */,
				3521150829A8FF5200559988 /* Views */,
			);
			path = PersonProfile;
			sourceTree = "<group>";
		};
		3521150829A8FF5200559988 /* Views */ = {
			isa = PBXGroup;
			children = (
				3521150929A8FF5A00559988 /* PersonProfileView.swift */,
				3533B00529AB916300BA2F5F /* PersonProfileHeaderButtons.swift */,
			);
			path = Views;
			sourceTree = "<group>";
		};
		3521150B29A9098F00559988 /* ViewModels */ = {
			isa = PBXGroup;
			children = (
				3521150C29A9099A00559988 /* PeopleListScreenViewModel.swift */,
				3533AFFA29AA6DE800BA2F5F /* PeopleListViewModel.swift */,
			);
			path = ViewModels;
			sourceTree = "<group>";
		};
		3521150E29A90E9400559988 /* ViewModels */ = {
			isa = PBXGroup;
			children = (
				3521150F29A90EA200559988 /* PersonProfileViewModel.swift */,
			);
			path = ViewModels;
			sourceTree = "<group>";
		};
		3533AFF329AA46FE00BA2F5F /* Managers */ = {
			isa = PBXGroup;
			children = (
				3533AFF429AA470800BA2F5F /* AlertManager.swift */,
			);
			path = Managers;
			sourceTree = "<group>";
		};
		3533AFF829AA6AB700BA2F5F /* UIKit */ = {
			isa = PBXGroup;
			children = (
				356CD88829918EBB00EA9D2D /* BaseUIView.swift */,
				356CD88729918EBB00EA9D2D /* BaseUIViewController.swift */,
				356CD88629918EBB00EA9D2D /* BaseUITabBarController.swift */,
				3542517A29A78D1F005174DA /* BaseUINavigationController.swift */,
			);
			path = UIKit;
			sourceTree = "<group>";
		};
		3533AFF929AA6ABE00BA2F5F /* SwiftUI */ = {
			isa = PBXGroup;
			children = (
				3533AFF629AA692B00BA2F5F /* FormPhotoPickerView.swift */,
			);
			path = SwiftUI;
			sourceTree = "<group>";
		};
		3533AFFD29AB853900BA2F5F /* Utils */ = {
			isa = PBXGroup;
			children = (
			);
			path = Utils;
			sourceTree = "<group>";
		};
		3533B00029AB868A00BA2F5F /* Protocols */ = {
			isa = PBXGroup;
			children = (
			);
			path = Protocols;
			sourceTree = "<group>";
		};
		3551F191299028AE00EBA6A3 = {
			isa = PBXGroup;
			children = (
				3551F19C299028AE00EBA6A3 /* never-forget */,
				3551F19B299028AE00EBA6A3 /* Products */,
			);
			sourceTree = "<group>";
		};
		3551F19B299028AE00EBA6A3 /* Products */ = {
			isa = PBXGroup;
			children = (
				3551F19A299028AE00EBA6A3 /* never-forget.app */,
			);
			name = Products;
			sourceTree = "<group>";
		};
		3551F19C299028AE00EBA6A3 /* never-forget */ = {
			isa = PBXGroup;
			children = (
				3551F1B529902AA300EBA6A3 /* App */,
				35D02D2E2990484400536AB8 /* Coordinator */,
				3551F1B829902CF000EBA6A3 /* CoreData */,
				35E841652992AEC200BF537E /* Features */,
				35E8415B299299BE00BF537E /* Shared */,
				3551F1BA29902E2800EBA6A3 /* SupportingFiles */,
			);
			path = "never-forget";
			sourceTree = "<group>";
		};
		3551F1B529902AA300EBA6A3 /* App */ = {
			isa = PBXGroup;
			children = (
				352114F929A8EB4C00559988 /* MainFlow */,
				3551F19D299028AE00EBA6A3 /* AppDelegate.swift */,
				3551F19F299028AE00EBA6A3 /* SceneDelegate.swift */,
			);
			path = App;
			sourceTree = "<group>";
		};
		3551F1B829902CF000EBA6A3 /* CoreData */ = {
			isa = PBXGroup;
			children = (
				3551F1A6299028AE00EBA6A3 /* NeverForgetModels.xcdatamodeld */,
				355E27412999886F0038F8BA /* PersistentContainerController.swift */,
				355E274329998E7D0038F8BA /* PersistentContainerProvider.swift */,
			);
			path = CoreData;
			sourceTree = "<group>";
		};
		3551F1B929902DF000EBA6A3 /* Assets */ = {
			isa = PBXGroup;
			children = (
				355E27A229A55B770038F8BA /* Colors.xcassets */,
				355E27A429A55C130038F8BA /* Images.xcassets */,
			);
			path = Assets;
			sourceTree = "<group>";
		};
		3551F1BA29902E2800EBA6A3 /* SupportingFiles */ = {
			isa = PBXGroup;
			children = (
				3551F1B42990291D00EBA6A3 /* never-forget.entitlements */,
				3551F1AE299028AF00EBA6A3 /* Info.plist */,
				3551F1AB299028AF00EBA6A3 /* LaunchScreen.storyboard */,
			);
			path = SupportingFiles;
			sourceTree = "<group>";
		};
		355E277129A25AB00038F8BA /* Person */ = {
			isa = PBXGroup;
			children = (
				355E277229A261550038F8BA /* Person+CoreDataClass.swift */,
				355E277329A261550038F8BA /* Person+CoreDataProperties.swift */,
			);
			path = Person;
			sourceTree = "<group>";
		};
		355E277829A289290038F8BA /* MainScreen */ = {
			isa = PBXGroup;
			children = (
				352114FA29A8EC4100559988 /* Coordinators */,
				355E278029A2B6120038F8BA /* Views */,
			);
			path = MainScreen;
			sourceTree = "<group>";
		};
		355E277929A289320038F8BA /* PeopleList */ = {
			isa = PBXGroup;
			children = (
				3521150B29A9098F00559988 /* ViewModels */,
				352114FD29A8F2E700559988 /* Coordinators */,
				355E277F29A294820038F8BA /* Views */,
			);
			path = PeopleList;
			sourceTree = "<group>";
		};
		355E277F29A294820038F8BA /* Views */ = {
			isa = PBXGroup;
			children = (
				3521150229A8F7AC00559988 /* PeopleList */,
				355E277D29A28FFF0038F8BA /* PeopleListScreenView.swift */,
			);
			path = Views;
			sourceTree = "<group>";
		};
		355E278029A2B6120038F8BA /* Views */ = {
			isa = PBXGroup;
			children = (
				3551F1A1299028AE00EBA6A3 /* MainScreenView.swift */,
			);
			path = Views;
			sourceTree = "<group>";
		};
		355E278129A2B6900038F8BA /* PeopleCell */ = {
			isa = PBXGroup;
			children = (
				355E278229A2B6A00038F8BA /* PersonCellView.swift */,
			);
			path = PeopleCell;
			sourceTree = "<group>";
		};
		355E278429A2BD220038F8BA /* Localizable */ = {
			isa = PBXGroup;
			children = (
				355E278929A2BDE30038F8BA /* Localizable.strings */,
				355E278B29A2BF2B0038F8BA /* Localizable.swift */,
			);
			path = Localizable;
			sourceTree = "<group>";
		};
		356CD88529918E6700EA9D2D /* Extensions */ = {
			isa = PBXGroup;
			children = (
				355E279B29A5508B0038F8BA /* Color+Theme.swift */,
				355E279F29A555FD0038F8BA /* Color+uiColor.swift */,
				354E42EA29A7A5E100A99389 /* UINavigationController+navigate.swift */,
				355E279629A2D3FF0038F8BA /* LocalizedStringKey+toString.swift */,
				355E279429A2D3D50038F8BA /* LocalizedStringKey+toStringKey.swift */,
				355E278E29A2CFDD0038F8BA /* String+localizedString.swift */,
				35E841712992B0BA00BF537E /* UIColor+hex.swift */,
				35E841692992AFD900BF537E /* UIView+addView.swift */,
				3521151129A920CD00559988 /* String+trimmed.swift */,
				350BE5B829ABDD5B00A40F17 /* Binding+OptionalInit.swift */,
			);
			path = Extensions;
			sourceTree = "<group>";
		};
		356CD88E29918EF300EA9D2D /* Views */ = {
			isa = PBXGroup;
			children = (
				3533AFF929AA6ABE00BA2F5F /* SwiftUI */,
				3533AFF829AA6AB700BA2F5F /* UIKit */,
			);
			path = Views;
			sourceTree = "<group>";
		};
		35D02D2E2990484400536AB8 /* Coordinator */ = {
			isa = PBXGroup;
			children = (
				352114F129A8DA3500559988 /* Protocols */,
				352114F229A8DA4D00559988 /* RootCoordinator.swift */,
			);
			path = Coordinator;
			sourceTree = "<group>";
		};
		35E8415B299299BE00BF537E /* Shared */ = {
			isa = PBXGroup;
			children = (
				3551F1B929902DF000EBA6A3 /* Assets */,
				356CD88529918E6700EA9D2D /* Extensions */,
				355E278429A2BD220038F8BA /* Localizable */,
				3533AFF329AA46FE00BA2F5F /* Managers */,
				35E841642992AE9200BF537E /* Models */,
				3533B00029AB868A00BA2F5F /* Protocols */,
				350BE5B529ABD8F600A40F17 /* Utils */,
				356CD88E29918EF300EA9D2D /* Views */,
			);
			path = Shared;
			sourceTree = "<group>";
		};
		35E841642992AE9200BF537E /* Models */ = {
			isa = PBXGroup;
			children = (
				355E277129A25AB00038F8BA /* Person */,
				354E42EC29A7A66F00A99389 /* NavigationSteps.swift */,
			);
			path = Models;
			sourceTree = "<group>";
		};
		35E841652992AEC200BF537E /* Features */ = {
			isa = PBXGroup;
			children = (
				3521150329A8FF0200559988 /* PersonProfile */,
				355E277929A289320038F8BA /* PeopleList */,
				355E277829A289290038F8BA /* MainScreen */,
			);
			path = Features;
			sourceTree = "<group>";
		};
/* End PBXGroup section */

/* Begin PBXNativeTarget section */
		3551F199299028AE00EBA6A3 /* never-forget */ = {
			isa = PBXNativeTarget;
			buildConfigurationList = 3551F1B1299028AF00EBA6A3 /* Build configuration list for PBXNativeTarget "never-forget" */;
			buildPhases = (
				3551F196299028AE00EBA6A3 /* Sources */,
				3551F197299028AE00EBA6A3 /* Frameworks */,
				3551F198299028AE00EBA6A3 /* Resources */,
				3551F1B729902B3900EBA6A3 /* SwiftLint */,
				3551F1B629902B2900EBA6A3 /* SwiftLint */,
			);
			buildRules = (
			);
			dependencies = (
			);
			name = "never-forget";
			productName = "never-forget";
			productReference = 3551F19A299028AE00EBA6A3 /* never-forget.app */;
			productType = "com.apple.product-type.application";
		};
/* End PBXNativeTarget section */

/* Begin PBXProject section */
		3551F192299028AE00EBA6A3 /* Project object */ = {
			isa = PBXProject;
			attributes = {
				BuildIndependentTargetsInParallel = 1;
				LastSwiftUpdateCheck = 1420;
				LastUpgradeCheck = 1420;
				TargetAttributes = {
					3551F199299028AE00EBA6A3 = {
						CreatedOnToolsVersion = 14.2;
					};
				};
			};
			buildConfigurationList = 3551F195299028AE00EBA6A3 /* Build configuration list for PBXProject "never-forget" */;
			compatibilityVersion = "Xcode 14.0";
			developmentRegion = en;
			hasScannedForEncodings = 0;
			knownRegions = (
				en,
				Base,
				ru,
			);
			mainGroup = 3551F191299028AE00EBA6A3;
			productRefGroup = 3551F19B299028AE00EBA6A3 /* Products */;
			projectDirPath = "";
			projectRoot = "";
			targets = (
				3551F199299028AE00EBA6A3 /* never-forget */,
			);
		};
/* End PBXProject section */

/* Begin PBXResourcesBuildPhase section */
		3551F198299028AE00EBA6A3 /* Resources */ = {
			isa = PBXResourcesBuildPhase;
			buildActionMask = 2147483647;
			files = (
				355E27A329A55B770038F8BA /* Colors.xcassets in Resources */,
				355E27A529A55C130038F8BA /* Images.xcassets in Resources */,
				3551F1AD299028AF00EBA6A3 /* LaunchScreen.storyboard in Resources */,
				355E278729A2BDE30038F8BA /* Localizable.strings in Resources */,
			);
			runOnlyForDeploymentPostprocessing = 0;
		};
/* End PBXResourcesBuildPhase section */

/* Begin PBXShellScriptBuildPhase section */
		3551F1B629902B2900EBA6A3 /* SwiftLint */ = {
			isa = PBXShellScriptBuildPhase;
			buildActionMask = 2147483647;
			files = (
			);
			inputFileListPaths = (
			);
			inputPaths = (
			);
			name = SwiftLint;
			outputFileListPaths = (
			);
			outputPaths = (
			);
			runOnlyForDeploymentPostprocessing = 0;
			shellPath = /bin/sh;
			shellScript = "export PATH=\"$PATH:/opt/homebrew/bin\"\nif which swiftlint > /dev/null; then\n  swiftlint\nelse\n  echo \"warning: SwiftLint not installed, download from https://github.com/realm/SwiftLint\"\nfi\n";
		};
		3551F1B729902B3900EBA6A3 /* SwiftLint */ = {
			isa = PBXShellScriptBuildPhase;
			buildActionMask = 2147483647;
			files = (
			);
			inputFileListPaths = (
			);
			inputPaths = (
			);
			name = SwiftLint;
			outputFileListPaths = (
			);
			outputPaths = (
			);
			runOnlyForDeploymentPostprocessing = 0;
			shellPath = /bin/sh;
			shellScript = "export PATH=\"$PATH:/opt/homebrew/bin\"\nif which swiftformat > /dev/null; then\n  swiftformat .\nelse\n  echo \"warning: SwiftLint not installed, download from https://github.com/realm/SwiftLint\"\nfi\n";
		};
/* End PBXShellScriptBuildPhase section */

/* Begin PBXSourcesBuildPhase section */
		3551F196299028AE00EBA6A3 /* Sources */ = {
			isa = PBXSourcesBuildPhase;
			buildActionMask = 2147483647;
			files = (
				355E279C29A5508B0038F8BA /* Color+Theme.swift in Sources */,
				352114FC29A8EC4900559988 /* MainScreenCoordinator.swift in Sources */,
				355E279729A2D3FF0038F8BA /* LocalizedStringKey+toString.swift in Sources */,
				3533AFF729AA692B00BA2F5F /* FormPhotoPickerView.swift in Sources */,
				3551F1A2299028AE00EBA6A3 /* MainScreenView.swift in Sources */,
				355E278C29A2BF2B0038F8BA /* Localizable.swift in Sources */,
				3533AFF529AA470800BA2F5F /* AlertManager.swift in Sources */,
				355E277429A261560038F8BA /* Person+CoreDataClass.swift in Sources */,
				35D02D322990486C00536AB8 /* MainFlowCoordinator.swift in Sources */,
				350BE5B929ABDD5B00A40F17 /* Binding+OptionalInit.swift in Sources */,
				356CD88A29918EBB00EA9D2D /* BaseUIViewController.swift in Sources */,
				356CD88B29918EBB00EA9D2D /* BaseUIView.swift in Sources */,
				356CD88929918EBB00EA9D2D /* BaseUITabBarController.swift in Sources */,
				352114F329A8DA4D00559988 /* RootCoordinator.swift in Sources */,
				3521150129A8F76F00559988 /* PeopleListView.swift in Sources */,
				356CD8812991859D00EA9D2D /* TabCoordinator.swift in Sources */,
				355E274429998E7D0038F8BA /* PersistentContainerProvider.swift in Sources */,
				355E27A029A555FD0038F8BA /* Color+uiColor.swift in Sources */,
				3521150D29A9099A00559988 /* PeopleListScreenViewModel.swift in Sources */,
				355E279529A2D3D50038F8BA /* LocalizedStringKey+toStringKey.swift in Sources */,
				3551F19E299028AE00EBA6A3 /* AppDelegate.swift in Sources */,
				354E42ED29A7A66F00A99389 /* NavigationSteps.swift in Sources */,
				352114FF29A8F2F500559988 /* PeopleListCoordinator.swift in Sources */,
				355E278329A2B6A00038F8BA /* PersonCellView.swift in Sources */,
				3533AFFB29AA6DE800BA2F5F /* PeopleListViewModel.swift in Sources */,
				3521150A29A8FF5A00559988 /* PersonProfileView.swift in Sources */,
				354E42EB29A7A5E100A99389 /* UINavigationController+navigate.swift in Sources */,
				35D02D302990485000536AB8 /* Coordinator.swift in Sources */,
				3551F1A0299028AE00EBA6A3 /* SceneDelegate.swift in Sources */,
				3551F1A8299028AE00EBA6A3 /* NeverForgetModels.xcdatamodeld in Sources */,
				3533B00629AB916300BA2F5F /* PersonProfileHeaderButtons.swift in Sources */,
				3521151029A90EA200559988 /* PersonProfileViewModel.swift in Sources */,
				3521151229A920CD00559988 /* String+trimmed.swift in Sources */,
				355E278F29A2CFDD0038F8BA /* String+localizedString.swift in Sources */,
				355E27422999886F0038F8BA /* PersistentContainerController.swift in Sources */,
				355E277E29A28FFF0038F8BA /* PeopleListScreenView.swift in Sources */,
				355E277529A261560038F8BA /* Person+CoreDataProperties.swift in Sources */,
				3542517B29A78D1F005174DA /* BaseUINavigationController.swift in Sources */,
				35E8416A2992AFD900BF537E /* UIView+addView.swift in Sources */,
				356CD87F2991858100EA9D2D /* NavigationCoordinator.swift in Sources */,
				35E841722992B0BA00BF537E /* UIColor+hex.swift in Sources */,
			);
			runOnlyForDeploymentPostprocessing = 0;
		};
/* End PBXSourcesBuildPhase section */

/* Begin PBXVariantGroup section */
		3551F1AB299028AF00EBA6A3 /* LaunchScreen.storyboard */ = {
			isa = PBXVariantGroup;
			children = (
				3551F1AC299028AF00EBA6A3 /* Base */,
			);
			name = LaunchScreen.storyboard;
			sourceTree = "<group>";
		};
		355E278929A2BDE30038F8BA /* Localizable.strings */ = {
			isa = PBXVariantGroup;
			children = (
				355E278829A2BDE30038F8BA /* en */,
				355E278A29A2BEA00038F8BA /* ru */,
			);
			name = Localizable.strings;
			sourceTree = "<group>";
		};
/* End PBXVariantGroup section */

/* Begin XCBuildConfiguration section */
		3551F1AF299028AF00EBA6A3 /* Debug */ = {
			isa = XCBuildConfiguration;
			buildSettings = {
				ALWAYS_SEARCH_USER_PATHS = NO;
				CLANG_ANALYZER_LOCALIZABILITY_NONLOCALIZED = YES;
				CLANG_ANALYZER_NONNULL = YES;
				CLANG_ANALYZER_NUMBER_OBJECT_CONVERSION = YES_AGGRESSIVE;
				CLANG_CXX_LANGUAGE_STANDARD = "gnu++20";
				CLANG_ENABLE_MODULES = YES;
				CLANG_ENABLE_OBJC_ARC = YES;
				CLANG_ENABLE_OBJC_WEAK = YES;
				CLANG_WARN_BLOCK_CAPTURE_AUTORELEASING = YES;
				CLANG_WARN_BOOL_CONVERSION = YES;
				CLANG_WARN_COMMA = YES;
				CLANG_WARN_CONSTANT_CONVERSION = YES;
				CLANG_WARN_DEPRECATED_OBJC_IMPLEMENTATIONS = YES;
				CLANG_WARN_DIRECT_OBJC_ISA_USAGE = YES_ERROR;
				CLANG_WARN_DOCUMENTATION_COMMENTS = YES;
				CLANG_WARN_EMPTY_BODY = YES;
				CLANG_WARN_ENUM_CONVERSION = YES;
				CLANG_WARN_INFINITE_RECURSION = YES;
				CLANG_WARN_INT_CONVERSION = YES;
				CLANG_WARN_NON_LITERAL_NULL_CONVERSION = YES;
				CLANG_WARN_OBJC_IMPLICIT_RETAIN_SELF = YES;
				CLANG_WARN_OBJC_LITERAL_CONVERSION = YES;
				CLANG_WARN_OBJC_ROOT_CLASS = YES_ERROR;
				CLANG_WARN_QUOTED_INCLUDE_IN_FRAMEWORK_HEADER = YES;
				CLANG_WARN_RANGE_LOOP_ANALYSIS = YES;
				CLANG_WARN_STRICT_PROTOTYPES = YES;
				CLANG_WARN_SUSPICIOUS_MOVE = YES;
				CLANG_WARN_UNGUARDED_AVAILABILITY = YES_AGGRESSIVE;
				CLANG_WARN_UNREACHABLE_CODE = YES;
				CLANG_WARN__DUPLICATE_METHOD_MATCH = YES;
				COPY_PHASE_STRIP = NO;
				DEBUG_INFORMATION_FORMAT = dwarf;
				ENABLE_STRICT_OBJC_MSGSEND = YES;
				ENABLE_TESTABILITY = YES;
				GCC_C_LANGUAGE_STANDARD = gnu11;
				GCC_DYNAMIC_NO_PIC = NO;
				GCC_NO_COMMON_BLOCKS = YES;
				GCC_OPTIMIZATION_LEVEL = 0;
				GCC_PREPROCESSOR_DEFINITIONS = (
					"DEBUG=1",
					"$(inherited)",
				);
				GCC_WARN_64_TO_32_BIT_CONVERSION = YES;
				GCC_WARN_ABOUT_RETURN_TYPE = YES_ERROR;
				GCC_WARN_UNDECLARED_SELECTOR = YES;
				GCC_WARN_UNINITIALIZED_AUTOS = YES_AGGRESSIVE;
				GCC_WARN_UNUSED_FUNCTION = YES;
				GCC_WARN_UNUSED_VARIABLE = YES;
				IPHONEOS_DEPLOYMENT_TARGET = 16.2;
				MTL_ENABLE_DEBUG_INFO = INCLUDE_SOURCE;
				MTL_FAST_MATH = YES;
				ONLY_ACTIVE_ARCH = YES;
				SDKROOT = iphoneos;
				SWIFT_ACTIVE_COMPILATION_CONDITIONS = DEBUG;
				SWIFT_OPTIMIZATION_LEVEL = "-Onone";
			};
			name = Debug;
		};
		3551F1B0299028AF00EBA6A3 /* Release */ = {
			isa = XCBuildConfiguration;
			buildSettings = {
				ALWAYS_SEARCH_USER_PATHS = NO;
				CLANG_ANALYZER_LOCALIZABILITY_NONLOCALIZED = YES;
				CLANG_ANALYZER_NONNULL = YES;
				CLANG_ANALYZER_NUMBER_OBJECT_CONVERSION = YES_AGGRESSIVE;
				CLANG_CXX_LANGUAGE_STANDARD = "gnu++20";
				CLANG_ENABLE_MODULES = YES;
				CLANG_ENABLE_OBJC_ARC = YES;
				CLANG_ENABLE_OBJC_WEAK = YES;
				CLANG_WARN_BLOCK_CAPTURE_AUTORELEASING = YES;
				CLANG_WARN_BOOL_CONVERSION = YES;
				CLANG_WARN_COMMA = YES;
				CLANG_WARN_CONSTANT_CONVERSION = YES;
				CLANG_WARN_DEPRECATED_OBJC_IMPLEMENTATIONS = YES;
				CLANG_WARN_DIRECT_OBJC_ISA_USAGE = YES_ERROR;
				CLANG_WARN_DOCUMENTATION_COMMENTS = YES;
				CLANG_WARN_EMPTY_BODY = YES;
				CLANG_WARN_ENUM_CONVERSION = YES;
				CLANG_WARN_INFINITE_RECURSION = YES;
				CLANG_WARN_INT_CONVERSION = YES;
				CLANG_WARN_NON_LITERAL_NULL_CONVERSION = YES;
				CLANG_WARN_OBJC_IMPLICIT_RETAIN_SELF = YES;
				CLANG_WARN_OBJC_LITERAL_CONVERSION = YES;
				CLANG_WARN_OBJC_ROOT_CLASS = YES_ERROR;
				CLANG_WARN_QUOTED_INCLUDE_IN_FRAMEWORK_HEADER = YES;
				CLANG_WARN_RANGE_LOOP_ANALYSIS = YES;
				CLANG_WARN_STRICT_PROTOTYPES = YES;
				CLANG_WARN_SUSPICIOUS_MOVE = YES;
				CLANG_WARN_UNGUARDED_AVAILABILITY = YES_AGGRESSIVE;
				CLANG_WARN_UNREACHABLE_CODE = YES;
				CLANG_WARN__DUPLICATE_METHOD_MATCH = YES;
				COPY_PHASE_STRIP = NO;
				DEBUG_INFORMATION_FORMAT = "dwarf-with-dsym";
				ENABLE_NS_ASSERTIONS = NO;
				ENABLE_STRICT_OBJC_MSGSEND = YES;
				GCC_C_LANGUAGE_STANDARD = gnu11;
				GCC_NO_COMMON_BLOCKS = YES;
				GCC_WARN_64_TO_32_BIT_CONVERSION = YES;
				GCC_WARN_ABOUT_RETURN_TYPE = YES_ERROR;
				GCC_WARN_UNDECLARED_SELECTOR = YES;
				GCC_WARN_UNINITIALIZED_AUTOS = YES_AGGRESSIVE;
				GCC_WARN_UNUSED_FUNCTION = YES;
				GCC_WARN_UNUSED_VARIABLE = YES;
				IPHONEOS_DEPLOYMENT_TARGET = 16.2;
				MTL_ENABLE_DEBUG_INFO = NO;
				MTL_FAST_MATH = YES;
				SDKROOT = iphoneos;
				SWIFT_COMPILATION_MODE = wholemodule;
				SWIFT_OPTIMIZATION_LEVEL = "-O";
				VALIDATE_PRODUCT = YES;
			};
			name = Release;
		};
		3551F1B2299028AF00EBA6A3 /* Debug */ = {
			isa = XCBuildConfiguration;
			buildSettings = {
				ASSETCATALOG_COMPILER_APPICON_NAME = AppIcon;
				ASSETCATALOG_COMPILER_GLOBAL_ACCENT_COLOR_NAME = AccentColor;
				CODE_SIGN_ENTITLEMENTS = "never-forget/SupportingFiles/never-forget.entitlements";
				CODE_SIGN_STYLE = Automatic;
				CURRENT_PROJECT_VERSION = 1;
				DEVELOPMENT_TEAM = 3LK6LB7235;
				GENERATE_INFOPLIST_FILE = YES;
				INFOPLIST_FILE = "never-forget/SupportingFiles/Info.plist";
				INFOPLIST_KEY_UIApplicationSupportsIndirectInputEvents = YES;
				INFOPLIST_KEY_UILaunchStoryboardName = LaunchScreen;
				INFOPLIST_KEY_UISupportedInterfaceOrientations = UIInterfaceOrientationPortrait;
				INFOPLIST_KEY_UISupportedInterfaceOrientations_iPad = "UIInterfaceOrientationLandscapeLeft UIInterfaceOrientationLandscapeRight UIInterfaceOrientationPortrait UIInterfaceOrientationPortraitUpsideDown";
				IPHONEOS_DEPLOYMENT_TARGET = 16;
				LD_RUNPATH_SEARCH_PATHS = (
					"$(inherited)",
					"@executable_path/Frameworks",
				);
				MARKETING_VERSION = 1.0;
				PRODUCT_BUNDLE_IDENTIFIER = "makar.urbanov.never-forget";
				PRODUCT_NAME = "$(TARGET_NAME)";
				SUPPORTED_PLATFORMS = "iphoneos iphonesimulator";
				SUPPORTS_MACCATALYST = NO;
				SUPPORTS_MAC_DESIGNED_FOR_IPHONE_IPAD = YES;
				SWIFT_EMIT_LOC_STRINGS = YES;
				SWIFT_VERSION = 5.0;
				TARGETED_DEVICE_FAMILY = 1;
			};
			name = Debug;
		};
		3551F1B3299028AF00EBA6A3 /* Release */ = {
			isa = XCBuildConfiguration;
			buildSettings = {
				ASSETCATALOG_COMPILER_APPICON_NAME = AppIcon;
				ASSETCATALOG_COMPILER_GLOBAL_ACCENT_COLOR_NAME = AccentColor;
				CODE_SIGN_ENTITLEMENTS = "never-forget/SupportingFiles/never-forget.entitlements";
				CODE_SIGN_STYLE = Automatic;
				CURRENT_PROJECT_VERSION = 1;
				DEVELOPMENT_TEAM = 3LK6LB7235;
				GENERATE_INFOPLIST_FILE = YES;
				INFOPLIST_FILE = "never-forget/SupportingFiles/Info.plist";
				INFOPLIST_KEY_UIApplicationSupportsIndirectInputEvents = YES;
				INFOPLIST_KEY_UILaunchStoryboardName = LaunchScreen;
				INFOPLIST_KEY_UISupportedInterfaceOrientations = UIInterfaceOrientationPortrait;
				INFOPLIST_KEY_UISupportedInterfaceOrientations_iPad = "UIInterfaceOrientationLandscapeLeft UIInterfaceOrientationLandscapeRight UIInterfaceOrientationPortrait UIInterfaceOrientationPortraitUpsideDown";
				IPHONEOS_DEPLOYMENT_TARGET = 16;
				LD_RUNPATH_SEARCH_PATHS = (
					"$(inherited)",
					"@executable_path/Frameworks",
				);
				MARKETING_VERSION = 1.0;
				PRODUCT_BUNDLE_IDENTIFIER = "makar.urbanov.never-forget";
				PRODUCT_NAME = "$(TARGET_NAME)";
				SUPPORTED_PLATFORMS = "iphoneos iphonesimulator";
				SUPPORTS_MACCATALYST = NO;
				SUPPORTS_MAC_DESIGNED_FOR_IPHONE_IPAD = YES;
				SWIFT_EMIT_LOC_STRINGS = YES;
				SWIFT_VERSION = 5.0;
				TARGETED_DEVICE_FAMILY = 1;
			};
			name = Release;
		};
/* End XCBuildConfiguration section */

/* Begin XCConfigurationList section */
		3551F195299028AE00EBA6A3 /* Build configuration list for PBXProject "never-forget" */ = {
			isa = XCConfigurationList;
			buildConfigurations = (
				3551F1AF299028AF00EBA6A3 /* Debug */,
				3551F1B0299028AF00EBA6A3 /* Release */,
			);
			defaultConfigurationIsVisible = 0;
			defaultConfigurationName = Release;
		};
		3551F1B1299028AF00EBA6A3 /* Build configuration list for PBXNativeTarget "never-forget" */ = {
			isa = XCConfigurationList;
			buildConfigurations = (
				3551F1B2299028AF00EBA6A3 /* Debug */,
				3551F1B3299028AF00EBA6A3 /* Release */,
			);
			defaultConfigurationIsVisible = 0;
			defaultConfigurationName = Release;
		};
/* End XCConfigurationList section */

/* Begin XCVersionGroup section */
		3551F1A6299028AE00EBA6A3 /* NeverForgetModels.xcdatamodeld */ = {
			isa = XCVersionGroup;
			children = (
				3551F1A7299028AE00EBA6A3 /* never_forget.xcdatamodel */,
			);
			currentVersion = 3551F1A7299028AE00EBA6A3 /* never_forget.xcdatamodel */;
			path = NeverForgetModels.xcdatamodeld;
			sourceTree = "<group>";
			versionGroupType = wrapper.xcdatamodel;
		};
/* End XCVersionGroup section */
	};
	rootObject = 3551F192299028AE00EBA6A3 /* Project object */;
}
